
Microsoft Visual Studio Solution File, Format Version 12.00
# Visual Studio Version 17
VisualStudioVersion = 17.0.31903.59
MinimumVisualStudioVersion = 10.0.40219.1
Project("{2150E333-8FDC-42A3-9474-1A3956D46DE8}") = "src", "src", "{827E0CD3-B72D-47B6-A68D-7590B98EB39B}"
EndProject
Project("{2150E333-8FDC-42A3-9474-1A3956D46DE8}") = "Core", "Core", "{8D626EA8-CB54-BC41-363A-217881BEBA6E}"
EndProject
Project("{FAE04EC0-301F-11D3-BF4B-00C04F79EFBC}") = "Ghost", "src\Kernel\Ghost\Ghost.csproj", "{7A961BEF-49A4-4907-A536-A4D01926CDB8}"
EndProject
Project("{2150E333-8FDC-42A3-9474-1A3956D46DE8}") = "Contracts", "Contracts", "{FFBE31B8-50B9-B415-22BC-2F92C97CADA3}"
EndProject
Project("{FAE04EC0-301F-11D3-BF4B-00C04F79EFBC}") = "Ghost.Contracts", "src\Contracts\Ghost.Contracts\Ghost.Contracts.csproj", "{66F10EEC-D02F-46FD-8441-272AE7B4BC12}"
EndProject
Project("{FAE04EC0-301F-11D3-BF4B-00C04F79EFBC}") = "Ghost.Contracts.Inference", "src\Contracts\Ghost.Contracts.Inference\Ghost.Contracts.Inference.csproj", "{C5DCBE9A-72BD-4288-BA8D-B35E66EB8EFA}"
EndProject
Project("{FAE04EC0-301F-11D3-BF4B-00C04F79EFBC}") = "Ghost.Contracts.Simulation", "src\Contracts\Ghost.Contracts.Simulation\Ghost.Contracts.Simulation.csproj", "{A1B2C3D4-E5F6-7890-ABCD-EF1234567890}"
EndProject
Project("{2150E333-8FDC-42A3-9474-1A3956D46DE8}") = "Hosting", "Hosting", "{F489E2D5-C65D-9AA9-2B96-C7DF79630172}"
EndProject
Project("{FAE04EC0-301F-11D3-BF4B-00C04F79EFBC}") = "Ghost.Hosting", "src\Platform\Hosting\Ghost.Hosting\Ghost.Hosting.csproj", "{3C0D5277-502A-473B-B3C8-498C13721E2D}"
EndProject
Project("{FAE04EC0-301F-11D3-BF4B-00C04F79EFBC}") = "Ghost.Hosting.WebApi", "src\Platform\Hosting\Ghost.Hosting.WebApi\Ghost.Hosting.WebApi.csproj", "{43EF203C-41AC-4DEB-A003-F5D0E32378B1}"
EndProject
Project("{2150E333-8FDC-42A3-9474-1A3956D46DE8}") = "Plugins", "Plugins", "{D87F64FC-77E7-48EB-B9AF-B28F6BA871FA}"
EndProject
Project("{FAE04EC0-301F-11D3-BF4B-00C04F79EFBC}") = "Ghost.Plugin.LinkedIn", "src\Plugins\LinkedIn\Ghost.Plugin.LinkedIn\Ghost.Plugin.LinkedIn.csproj", "{A8E4C87B-59B3-446C-9028-CF17FE0B9E9A}"
EndProject
Project("{2150E333-8FDC-42A3-9474-1A3956D46DE8}") = "Sdk", "Sdk", "{51B637F8-9C04-5803-F48E-8CB9352021B0}"
EndProject
Project("{FAE04EC0-301F-11D3-BF4B-00C04F79EFBC}") = "Ghost.Sdk", "src\Sdk\Ghost.Sdk\Ghost.Sdk.csproj", "{1E8DEE01-AEED-457C-9556-1A653DC4126E}"
EndProject
Project("{2150E333-8FDC-42A3-9474-1A3956D46DE8}") = "tests", "tests", "{0AB3BF05-4346-4AA6-1389-037BE0695223}"
EndProject
Project("{2150E333-8FDC-42A3-9474-1A3956D46DE8}") = "Contracts", "Contracts", "{EDF2BF46-81E2-A5E6-BE76-B883454BFB8E}"
EndProject
Project("{FAE04EC0-301F-11D3-BF4B-00C04F79EFBC}") = "Ghost.Contracts.Tests", "tests\Contracts\Ghost.Contracts.Tests\Ghost.Contracts.Tests.csproj", "{2CA0E00D-A925-496D-9683-C08D8073FFF9}"
EndProject
Project("{FAE04EC0-301F-11D3-BF4B-00C04F79EFBC}") = "Ghost.Contracts.Inference.Tests", "tests\Contracts\Ghost.Contracts.Inference.Tests\Ghost.Contracts.Inference.Tests.csproj", "{DB995D58-F81A-48FF-A28B-C02F903768BA}"
EndProject
Project("{FAE04EC0-301F-11D3-BF4B-00C04F79EFBC}") = "Ghost.WebApi", "src\Apps\Ghost.WebApi\Ghost.WebApi.csproj", "{7D613B3F-FE61-4A88-8984-A01247C2185C}"
EndProject
Project("{FAE04EC0-301F-11D3-BF4B-00C04F79EFBC}") = "Ghost.Worker", "src\Apps\Ghost.Worker\Ghost.Worker.csproj", "{9B989A1A-9222-4BA5-AB5B-4E3CEC5DA58F}"
EndProject
Project("{FAE04EC0-301F-11D3-BF4B-00C04F79EFBC}") = "Ghost.Contracts.Jobs", "src\Contracts\Ghost.Contracts.Jobs\Ghost.Contracts.Jobs.csproj", "{478EB99E-04D1-47DF-A205-1754B7CD6CE6}"
EndProject
Project("{FAE04EC0-301F-11D3-BF4B-00C04F79EFBC}") = "Ghost.Sdk.Spider", "src\Sdk\Ghost.Sdk.Spider\Ghost.Sdk.Spider.csproj", "{D5AB0AC6-0D09-4D61-837C-AC1C043E3B97}"
EndProject
Project("{2150E333-8FDC-42A3-9474-1A3956D46DE8}") = "Shared", "Shared", "{D0D6B8B0-AC35-B3FA-0B96-A9B0E4A3253E}"
EndProject
Project("{FAE04EC0-301F-11D3-BF4B-00C04F79EFBC}") = "Ghost.Testing", "tests\Shared\Ghost.Testing\Ghost.Testing.csproj", "{5128C177-3316-4ADE-98F3-1B443F9586BD}"
EndProject
Project("{FAE04EC0-301F-11D3-BF4B-00C04F79EFBC}") = "Ghost.Testing.Scenarios", "tests\Shared\Ghost.Testing.Scenarios\Ghost.Testing.Scenarios.csproj", "{BBEF92C8-814B-41A5-A927-7900B4355B9C}"
EndProject
Project("{FAE04EC0-301F-11D3-BF4B-00C04F79EFBC}") = "Ghost.Testing.Mocking", "tests\Shared\Ghost.Testing.Mocking\Ghost.Testing.Mocking.csproj", "{B084A341-03B6-4A7F-9A43-0321CF2106DE}"
EndProject
Project("{2150E333-8FDC-42A3-9474-1A3956D46DE8}") = "Engine", "Engine", "{581C1AFC-A79E-7578-3E64-521365DC72E1}"
EndProject
Project("{FAE04EC0-301F-11D3-BF4B-00C04F79EFBC}") = "Ghost.Engine.Abstractions", "src\Engine\Ghost.Engine.Abstractions\Ghost.Engine.Abstractions.csproj", "{EF004444-0BB7-4D16-B601-47AD6CA55354}"
EndProject
Project("{2150E333-8FDC-42A3-9474-1A3956D46DE8}") = "Engine", "Engine", "{47423DF4-5F46-6F55-D698-B9AE53641A92}"
EndProject
Project("{FAE04EC0-301F-11D3-BF4B-00C04F79EFBC}") = "Ghost.Engine.Abstractions.Tests", "tests\Engine\Ghost.Engine.Abstractions.Tests\Ghost.Engine.Abstractions.Tests.csproj", "{7BE7F9C3-978A-4DCE-A993-E937938BD3A0}"
EndProject
Project("{2150E333-8FDC-42A3-9474-1A3956D46DE8}") = "Architecture", "Architecture", "{875CD587-DE2F-08EE-74FB-D6BE4E474EF3}"
EndProject
Project("{FAE04EC0-301F-11D3-BF4B-00C04F79EFBC}") = "Ghost.Architecture.Tests", "tests\Architecture\Ghost.Architecture.Tests\Ghost.Architecture.Tests.csproj", "{8649546E-28ED-4BE5-92BD-7ED85ABDAF2B}"
EndProject
Project("{FAE04EC0-301F-11D3-BF4B-00C04F79EFBC}") = "Ghost.Engine", "src\Engine\Ghost.Engine\Ghost.Engine.csproj", "{6F854DF2-EE38-4263-8C49-C900CADD3912}"
EndProject
Project("{FAE04EC0-301F-11D3-BF4B-00C04F79EFBC}") = "Ghost.Engine.Tests", "tests\Engine\Ghost.Engine.Tests\Ghost.Engine.Tests.csproj", "{FA45E2E7-B0E3-4466-BCFB-0055981CC1E2}"
EndProject
Project("{FAE04EC0-301F-11D3-BF4B-00C04F79EFBC}") = "Ghost.Engine.Hosting", "src\Engine\Ghost.Engine.Hosting\Ghost.Engine.Hosting.csproj", "{49FB440B-60BA-407A-9D5D-44D9ED291374}"
EndProject
Project("{FAE04EC0-301F-11D3-BF4B-00C04F79EFBC}") = "Ghost.Plugin.Indeed", "src\Plugins\Indeed\Ghost.Plugin.Indeed\Ghost.Plugin.Indeed.csproj", "{E6B0937C-F7B0-42B0-8F1B-9B860DDD8983}"
EndProject
Project("{FAE04EC0-301F-11D3-BF4B-00C04F79EFBC}") = "Ghost.Plugin.Glassdoor", "src\Plugins\Glassdoor\Ghost.Plugin.Glassdoor\Ghost.Plugin.Glassdoor.csproj", "{008CC80A-8923-4C12-987C-6886B1411787}"
EndProject
Project("{FAE04EC0-301F-11D3-BF4B-00C04F79EFBC}") = "Ghost.Plugin.Google", "src\Plugins\Google\Ghost.Plugin.Google\Ghost.Plugin.Google.csproj", "{236638D4-ADB0-42CC-B2B6-6DF8587E26BC}"
EndProject
Project("{FAE04EC0-301F-11D3-BF4B-00C04F79EFBC}") = "Ghost.Plugin.Anthropic", "src\Plugins\Anthropic\Ghost.Plugin.Anthropic\Ghost.Plugin.Anthropic.csproj", "{7966647C-4D65-498C-9B37-799833901A6C}"
EndProject
Project("{FAE04EC0-301F-11D3-BF4B-00C04F79EFBC}") = "Ghost.Plugin.OpenAI", "src\Plugins\OpenAI\Ghost.Plugin.OpenAI\Ghost.Plugin.OpenAI.csproj", "{623AA881-9E9D-4E91-9760-2B4AFF1F894D}"
EndProject
Project("{FAE04EC0-301F-11D3-BF4B-00C04F79EFBC}") = "Ghost.Plugin.X", "src\Plugins\X\Ghost.Plugin.X\Ghost.Plugin.X.csproj", "{5E43A3AE-5363-4FA1-81B2-A9E65AACF5A6}"
EndProject
Project("{FAE04EC0-301F-11D3-BF4B-00C04F79EFBC}") = "Ghost.Contracts.Social", "src\Contracts\Ghost.Contracts.Social\Ghost.Contracts.Social.csproj", "{9466CF22-AECB-499D-811C-203586268BF4}"
EndProject
Project("{2150E333-8FDC-42A3-9474-1A3956D46DE8}") = "Storage", "Storage", "{9048EB7F-3875-A59E-E36B-5BD4C6F2A282}"
EndProject
Project("{FAE04EC0-301F-11D3-BF4B-00C04F79EFBC}") = "Ghost.Platform.Storage.Session", "src\Platform\Storage\Ghost.Platform.Storage.Session\Ghost.Platform.Storage.Session.csproj", "{D0142C1A-BE66-42F6-9C7A-11151E27ACD7}"
EndProject
Project("{FAE04EC0-301F-11D3-BF4B-00C04F79EFBC}") = "Ghost.Plugin.Common", "src\Plugins\Common\Ghost.Plugin.Common\Ghost.Plugin.Common.csproj", "{F461D74E-9B01-4F50-9015-2D7D55069218}"
EndProject
Project("{2150E333-8FDC-42A3-9474-1A3956D46DE8}") = "Platform", "Platform", "{0BBE7088-7CBC-971A-0DFF-8D023E1EA1B7}"
EndProject
Project("{2150E333-8FDC-42A3-9474-1A3956D46DE8}") = "Hosting", "Hosting", "{798D0332-8075-0A3E-830B-49E9E13DD81D}"
EndProject
Project("{FAE04EC0-301F-11D3-BF4B-00C04F79EFBC}") = "Ghost.Platform.Hosting.UnitTests", "tests\Platform\Hosting\Ghost.Platform.Hosting.UnitTests\Ghost.Platform.Hosting.UnitTests.csproj", "{AF6075DB-343C-4B5C-ABE0-E956087346D7}"
EndProject
Project("{2150E333-8FDC-42A3-9474-1A3956D46DE8}") = "Plugins", "Plugins", "{251FA40C-AC2F-1119-6E2C-255695F88EFF}"
EndProject
Project("{2150E333-8FDC-42A3-9474-1A3956D46DE8}") = "Glassdoor", "Glassdoor", "{26A5300D-3357-658B-9A50-20F48DC3BBD5}"
EndProject
Project("{FAE04EC0-301F-11D3-BF4B-00C04F79EFBC}") = "Ghost.Plugin.Glassdoor.UnitTests", "tests\Plugins\Glassdoor\Ghost.Plugin.Glassdoor.UnitTests\Ghost.Plugin.Glassdoor.UnitTests.csproj", "{C79E7FEC-7EF3-4336-A5A9-6D0877B06ED4}"
EndProject
Project("{2150E333-8FDC-42A3-9474-1A3956D46DE8}") = "Indeed", "Indeed", "{FC4A65F8-250B-2487-3016-E32363CA7656}"
EndProject
Project("{FAE04EC0-301F-11D3-BF4B-00C04F79EFBC}") = "Ghost.Plugin.Indeed.UnitTests", "tests\Plugins\Indeed\Ghost.Plugin.Indeed.UnitTests\Ghost.Plugin.Indeed.UnitTests.csproj", "{BB136EC4-8013-46D4-9807-79649908B2C6}"
EndProject
Project("{2150E333-8FDC-42A3-9474-1A3956D46DE8}") = "X", "X", "{2F8177D5-5B23-02B5-44A4-2C959463D4C0}"
EndProject
Project("{FAE04EC0-301F-11D3-BF4B-00C04F79EFBC}") = "Ghost.Plugin.X.End2EndTests", "tests\Plugins\X\Ghost.Plugin.X.End2EndTests\Ghost.Plugin.X.End2EndTests.csproj", "{1226E067-F325-4181-9B07-A9D6BEE700CD}"
EndProject
Project("{2150E333-8FDC-42A3-9474-1A3956D46DE8}") = "InfoJobs", "InfoJobs", "{6876EAB9-50FA-1996-D1B7-5D2F876C22A0}"
EndProject
Project("{FAE04EC0-301F-11D3-BF4B-00C04F79EFBC}") = "Ghost.Plugin.InfoJobs", "src\Plugins\InfoJobs\Ghost.Plugin.InfoJobs\Ghost.Plugin.InfoJobs.csproj", "{3EC44D1F-4BC5-436D-804C-DB11C4FB8B66}"
EndProject
Project("{2150E333-8FDC-42A3-9474-1A3956D46DE8}") = "Platform", "Platform", "{4DF80442-A1E5-CC28-AE7B-27B5F9BFE52B}"
EndProject
Project("{2150E333-8FDC-42A3-9474-1A3956D46DE8}") = "Abstractions", "Abstractions", "{A1B2C3D4-E5F6-7890-ABCD-111111111111}"
EndProject
Project("{2150E333-8FDC-42A3-9474-1A3956D46DE8}") = "Contracts", "Contracts", "{A1B2C3D4-E5F6-7890-ABCD-222222222222}"
EndProject
Project("{2150E333-8FDC-42A3-9474-1A3956D46DE8}") = "Extensions", "Extensions", "{A1B2C3D4-E5F6-7890-ABCD-333333333333}"
EndProject
Project("{2150E333-8FDC-42A3-9474-1A3956D46DE8}") = "Observability", "Observability", "{A1B2C3D4-E5F6-7890-ABCD-444444444444}"
EndProject
Project("{2150E333-8FDC-42A3-9474-1A3956D46DE8}") = "Hosting", "Hosting", "{12736810-4429-9D8E-85DD-3F707F0EC693}"
EndProject
Project("{FAE04EC0-301F-11D3-BF4B-00C04F79EFBC}") = "Ghost.Plugin.Glassdoor.End2EndTests", "tests\Plugins\Glassdoor\Ghost.Plugin.Glassdoor.End2EndTests\Ghost.Plugin.Glassdoor.End2EndTests.csproj", "{1C190D79-F182-42D1-8EF1-A350446DCE49}"
EndProject
Project("{2150E333-8FDC-42A3-9474-1A3956D46DE8}") = "Kernel", "Kernel", "{2E3142C6-3A8D-11B8-5A6A-7C905B1E94C2}"
EndProject
Project("{2150E333-8FDC-42A3-9474-1A3956D46DE8}") = "Glassdoor", "Glassdoor", "{195994BC-79B0-ADC0-8600-99211F231922}"
EndProject
Project("{2150E333-8FDC-42A3-9474-1A3956D46DE8}") = "Common", "Common", "{3A2FDE6F-E2EC-AEFE-F2FE-62ADD2F21E76}"
EndProject
Project("{2150E333-8FDC-42A3-9474-1A3956D46DE8}") = "Google", "Google", "{505CDE60-D4D9-3E67-A621-7AA07E995066}"
EndProject
Project("{FAE04EC0-301F-11D3-BF4B-00C04F79EFBC}") = "Ghost.Plugin.Google.End2EndTests", "tests\Plugins\Google\Ghost.Plugin.Google.End2EndTests\Ghost.Plugin.Google.End2EndTests.csproj", "{74DE3B49-AE5A-4970-8286-5430B9F33953}"
EndProject
Project("{2150E333-8FDC-42A3-9474-1A3956D46DE8}") = "Google", "Google", "{80549697-AB5F-E02D-0E96-AED805108F3B}"
EndProject
Project("{FAE04EC0-301F-11D3-BF4B-00C04F79EFBC}") = "Ghost.Plugin.Indeed.End2EndTests", "tests\Plugins\Indeed\Ghost.Plugin.Indeed.End2EndTests\Ghost.Plugin.Indeed.End2EndTests.csproj", "{59826750-BB9D-46FD-826A-C8AE354A899B}"
EndProject
Project("{2150E333-8FDC-42A3-9474-1A3956D46DE8}") = "Indeed", "Indeed", "{F5094821-9871-34D7-BED3-D998F1DB5D37}"
EndProject
Project("{2150E333-8FDC-42A3-9474-1A3956D46DE8}") = "LinkedIn", "LinkedIn", "{33E4629D-EB22-21C6-3860-1A7A1A919602}"
EndProject
Project("{FAE04EC0-301F-11D3-BF4B-00C04F79EFBC}") = "Ghost.Plugin.LinkedIn.End2EndTests", "tests\Plugins\LinkedIn\Ghost.Plugin.LinkedIn.End2EndTests\Ghost.Plugin.LinkedIn.End2EndTests.csproj", "{39A94051-13DA-4F0B-86E3-4A6CDC4A9D08}"
EndProject
Project("{FAE04EC0-301F-11D3-BF4B-00C04F79EFBC}") = "Ghost.Contracts.News", "src\Contracts\Ghost.Contracts.News\Ghost.Contracts.News.csproj", "{0607D40D-87E4-4CCF-9A96-411E7730330C}"
EndProject
Project("{2150E333-8FDC-42A3-9474-1A3956D46DE8}") = "LinkedIn", "LinkedIn", "{EFE0FC4C-47D2-F8B3-A32D-0D62F799926D}"
EndProject
Project("{2150E333-8FDC-42A3-9474-1A3956D46DE8}") = "Storage", "Storage", "{AAAEE561-01A6-B488-E9A8-E7DBFD0ACC79}"
EndProject
Project("{2150E333-8FDC-42A3-9474-1A3956D46DE8}") = "InfoJobs", "InfoJobs", "{02B984C7-9DC1-09CC-3C1D-9D2FF1AAD0E1}"
EndProject
Project("{FAE04EC0-301F-11D3-BF4B-00C04F79EFBC}") = "Ghost.Plugin.InfoJobs.End2EndTests", "tests\Plugins\InfoJobs\Ghost.Plugin.InfoJobs.End2EndTests\Ghost.Plugin.InfoJobs.End2EndTests.csproj", "{41C2A3D3-3451-4218-9D42-41622368D01F}"
EndProject
Project("{2150E333-8FDC-42A3-9474-1A3956D46DE8}") = "Cloud", "Cloud", "{A1B2C3D4-E5F6-7890-ABCD-CLOUD0000000}"
EndProject
Project("{FAE04EC0-301F-11D3-BF4B-00C04F79EFBC}") = "Ghost.Cloud.Contracts", "src\Cloud\Ghost.Cloud.Contracts\Ghost.Cloud.Contracts.csproj", "{CLOUD001-0000-0000-0000-000000000001}"
EndProject
Project("{FAE04EC0-301F-11D3-BF4B-00C04F79EFBC}") = "Ghost.Cloud.Grains", "src\Cloud\Ghost.Cloud.Grains\Ghost.Cloud.Grains.csproj", "{CLOUD002-0000-0000-0000-000000000002}"
EndProject
Project("{FAE04EC0-301F-11D3-BF4B-00C04F79EFBC}") = "Ghost.Cloud.Delivery", "src\Cloud\Ghost.Cloud.Delivery\Ghost.Cloud.Delivery.csproj", "{CLOUD003-0000-0000-0000-000000000003}"
EndProject
Project("{FAE04EC0-301F-11D3-BF4B-00C04F79EFBC}") = "Ghost.Cloud.Api", "src\Cloud\Ghost.Cloud.Api\Ghost.Cloud.Api.csproj", "{CLOUD004-0000-0000-0000-000000000004}"
EndProject
Project("{FAE04EC0-301F-11D3-BF4B-00C04F79EFBC}") = "Ghost.Cloud.Infrastructure", "src\Cloud\Ghost.Cloud.Infrastructure\Ghost.Cloud.Infrastructure.csproj", "{CLOUD005-0000-0000-0000-000000000005}"
EndProject
Project("{2150E333-8FDC-42A3-9474-1A3956D46DE8}") = "Cloud.Tests", "Cloud.Tests", "{CLOUDTESTS-0000-0000-0000-000000000000}"
EndProject
Project("{FAE04EC0-301F-11D3-BF4B-00C04F79EFBC}") = "Ghost.Cloud.Contracts.UnitTests", "tests\Cloud\Ghost.Cloud.Contracts.UnitTests\Ghost.Cloud.Contracts.UnitTests.csproj", "{CLOUDTEST-0000-0000-0000-000000000001}"
EndProject
Project("{FAE04EC0-301F-11D3-BF4B-00C04F79EFBC}") = "Ghost.Cloud.Grains.UnitTests", "tests\Cloud\Ghost.Cloud.Grains.UnitTests\Ghost.Cloud.Grains.UnitTests.csproj", "{CLOUDTEST-0000-0000-0000-000000000002}"
EndProject
Project("{FAE04EC0-301F-11D3-BF4B-00C04F79EFBC}") = "Ghost.Cloud.Delivery.UnitTests", "tests\Cloud\Ghost.Cloud.Delivery.UnitTests\Ghost.Cloud.Delivery.UnitTests.csproj", "{CLOUDTEST-0000-0000-0000-000000000003}"
EndProject
Project("{FAE04EC0-301F-11D3-BF4B-00C04F79EFBC}") = "Ghost.Cloud.Api.UnitTests", "tests\Cloud\Ghost.Cloud.Api.UnitTests\Ghost.Cloud.Api.UnitTests.csproj", "{CLOUDTEST-0000-0000-0000-000000000004}"
EndProject
Project("{FAE04EC0-301F-11D3-BF4B-00C04F79EFBC}") = "Ghost.Cloud.Contracts", "src\Cloud\Ghost.Cloud.Contracts\Ghost.Cloud.Contracts.csproj", "{CLOUD001-0000-0000-0000-000000000001}"
EndProject
Project("{FAE04EC0-301F-11D3-BF4B-00C04F79EFBC}") = "Ghost.Cloud.Grains", "src\Cloud\Ghost.Cloud.Grains\Ghost.Cloud.Grains.csproj", "{CLOUD002-0000-0000-0000-000000000002}"
EndProject
Project("{FAE04EC0-301F-11D3-BF4B-00C04F79EFBC}") = "Ghost.Cloud.Delivery", "src\Cloud\Ghost.Cloud.Delivery\Ghost.Cloud.Delivery.csproj", "{CLOUD003-0000-0000-0000-000000000003}"
EndProject
Project("{FAE04EC0-301F-11D3-BF4B-00C04F79EFBC}") = "Ghost.Cloud.Api", "src\Cloud\Ghost.Cloud.Api\Ghost.Cloud.Api.csproj", "{CLOUD004-0000-0000-0000-000000000004}"
EndProject
Global
	GlobalSection(SolutionConfigurationPlatforms) = preSolution
		Debug|Any CPU = Debug|Any CPU
		Debug|x64 = Debug|x64
		Debug|x86 = Debug|x86
		Release|Any CPU = Release|Any CPU
		Release|x64 = Release|x64
		Release|x86 = Release|x86
	EndGlobalSection
	GlobalSection(ProjectConfigurationPlatforms) = postSolution
		{7A961BEF-49A4-4907-A536-A4D01926CDB8}.Debug|Any CPU.ActiveCfg = Debug|Any CPU
		{7A961BEF-49A4-4907-A536-A4D01926CDB8}.Debug|Any CPU.Build.0 = Debug|Any CPU
		{7A961BEF-49A4-4907-A536-A4D01926CDB8}.Debug|x64.ActiveCfg = Debug|Any CPU
		{7A961BEF-49A4-4907-A536-A4D01926CDB8}.Debug|x64.Build.0 = Debug|Any CPU
		{7A961BEF-49A4-4907-A536-A4D01926CDB8}.Debug|x86.ActiveCfg = Debug|Any CPU
		{7A961BEF-49A4-4907-A536-A4D01926CDB8}.Debug|x86.Build.0 = Debug|Any CPU
		{7A961BEF-49A4-4907-A536-A4D01926CDB8}.Release|Any CPU.ActiveCfg = Release|Any CPU
		{7A961BEF-49A4-4907-A536-A4D01926CDB8}.Release|Any CPU.Build.0 = Release|Any CPU
		{7A961BEF-49A4-4907-A536-A4D01926CDB8}.Release|x64.ActiveCfg = Release|Any CPU
		{7A961BEF-49A4-4907-A536-A4D01926CDB8}.Release|x64.Build.0 = Release|Any CPU
		{7A961BEF-49A4-4907-A536-A4D01926CDB8}.Release|x86.ActiveCfg = Release|Any CPU
		{7A961BEF-49A4-4907-A536-A4D01926CDB8}.Release|x86.Build.0 = Release|Any CPU
		{66F10EEC-D02F-46FD-8441-272AE7B4BC12}.Debug|Any CPU.ActiveCfg = Debug|Any CPU
		{66F10EEC-D02F-46FD-8441-272AE7B4BC12}.Debug|Any CPU.Build.0 = Debug|Any CPU
		{66F10EEC-D02F-46FD-8441-272AE7B4BC12}.Debug|x64.ActiveCfg = Debug|Any CPU
		{66F10EEC-D02F-46FD-8441-272AE7B4BC12}.Debug|x64.Build.0 = Debug|Any CPU
		{66F10EEC-D02F-46FD-8441-272AE7B4BC12}.Debug|x86.ActiveCfg = Debug|Any CPU
		{66F10EEC-D02F-46FD-8441-272AE7B4BC12}.Debug|x86.Build.0 = Debug|Any CPU
		{66F10EEC-D02F-46FD-8441-272AE7B4BC12}.Release|Any CPU.ActiveCfg = Release|Any CPU
		{66F10EEC-D02F-46FD-8441-272AE7B4BC12}.Release|Any CPU.Build.0 = Release|Any CPU
		{66F10EEC-D02F-46FD-8441-272AE7B4BC12}.Release|x64.ActiveCfg = Release|Any CPU
		{66F10EEC-D02F-46FD-8441-272AE7B4BC12}.Release|x64.Build.0 = Release|Any CPU
		{66F10EEC-D02F-46FD-8441-272AE7B4BC12}.Release|x86.ActiveCfg = Release|Any CPU
		{66F10EEC-D02F-46FD-8441-272AE7B4BC12}.Release|x86.Build.0 = Release|Any CPU
		{C5DCBE9A-72BD-4288-BA8D-B35E66EB8EFA}.Debug|Any CPU.ActiveCfg = Debug|Any CPU
		{C5DCBE9A-72BD-4288-BA8D-B35E66EB8EFA}.Debug|Any CPU.Build.0 = Debug|Any CPU
		{C5DCBE9A-72BD-4288-BA8D-B35E66EB8EFA}.Debug|x64.ActiveCfg = Debug|Any CPU
		{C5DCBE9A-72BD-4288-BA8D-B35E66EB8EFA}.Debug|x64.Build.0 = Debug|Any CPU
		{C5DCBE9A-72BD-4288-BA8D-B35E66EB8EFA}.Debug|x86.ActiveCfg = Debug|Any CPU
		{C5DCBE9A-72BD-4288-BA8D-B35E66EB8EFA}.Debug|x86.Build.0 = Debug|Any CPU
		{C5DCBE9A-72BD-4288-BA8D-B35E66EB8EFA}.Release|Any CPU.ActiveCfg = Release|Any CPU
		{C5DCBE9A-72BD-4288-BA8D-B35E66EB8EFA}.Release|Any CPU.Build.0 = Release|Any CPU
		{C5DCBE9A-72BD-4288-BA8D-B35E66EB8EFA}.Release|x64.ActiveCfg = Release|Any CPU
		{C5DCBE9A-72BD-4288-BA8D-B35E66EB8EFA}.Release|x64.Build.0 = Release|Any CPU
		{C5DCBE9A-72BD-4288-BA8D-B35E66EB8EFA}.Release|x86.ActiveCfg = Release|Any CPU
		{C5DCBE9A-72BD-4288-BA8D-B35E66EB8EFA}.Release|x86.Build.0 = Release|Any CPU
		{3C0D5277-502A-473B-B3C8-498C13721E2D}.Debug|Any CPU.ActiveCfg = Debug|Any CPU
		{3C0D5277-502A-473B-B3C8-498C13721E2D}.Debug|Any CPU.Build.0 = Debug|Any CPU
		{3C0D5277-502A-473B-B3C8-498C13721E2D}.Debug|x64.ActiveCfg = Debug|Any CPU
		{3C0D5277-502A-473B-B3C8-498C13721E2D}.Debug|x64.Build.0 = Debug|Any CPU
		{3C0D5277-502A-473B-B3C8-498C13721E2D}.Debug|x86.ActiveCfg = Debug|Any CPU
		{3C0D5277-502A-473B-B3C8-498C13721E2D}.Debug|x86.Build.0 = Debug|Any CPU
		{3C0D5277-502A-473B-B3C8-498C13721E2D}.Release|Any CPU.ActiveCfg = Release|Any CPU
		{3C0D5277-502A-473B-B3C8-498C13721E2D}.Release|Any CPU.Build.0 = Release|Any CPU
		{3C0D5277-502A-473B-B3C8-498C13721E2D}.Release|x64.ActiveCfg = Release|Any CPU
		{3C0D5277-502A-473B-B3C8-498C13721E2D}.Release|x64.Build.0 = Release|Any CPU
		{3C0D5277-502A-473B-B3C8-498C13721E2D}.Release|x86.ActiveCfg = Release|Any CPU
		{3C0D5277-502A-473B-B3C8-498C13721E2D}.Release|x86.Build.0 = Release|Any CPU
		{43EF203C-41AC-4DEB-A003-F5D0E32378B1}.Debug|Any CPU.ActiveCfg = Debug|Any CPU
		{43EF203C-41AC-4DEB-A003-F5D0E32378B1}.Debug|Any CPU.Build.0 = Debug|Any CPU
		{43EF203C-41AC-4DEB-A003-F5D0E32378B1}.Debug|x64.ActiveCfg = Debug|Any CPU
		{43EF203C-41AC-4DEB-A003-F5D0E32378B1}.Debug|x64.Build.0 = Debug|Any CPU
		{43EF203C-41AC-4DEB-A003-F5D0E32378B1}.Debug|x86.ActiveCfg = Debug|Any CPU
		{43EF203C-41AC-4DEB-A003-F5D0E32378B1}.Debug|x86.Build.0 = Debug|Any CPU
		{43EF203C-41AC-4DEB-A003-F5D0E32378B1}.Release|Any CPU.ActiveCfg = Release|Any CPU
		{43EF203C-41AC-4DEB-A003-F5D0E32378B1}.Release|Any CPU.Build.0 = Release|Any CPU
		{43EF203C-41AC-4DEB-A003-F5D0E32378B1}.Release|x64.ActiveCfg = Release|Any CPU
		{43EF203C-41AC-4DEB-A003-F5D0E32378B1}.Release|x64.Build.0 = Release|Any CPU
		{43EF203C-41AC-4DEB-A003-F5D0E32378B1}.Release|x86.ActiveCfg = Release|Any CPU
		{43EF203C-41AC-4DEB-A003-F5D0E32378B1}.Release|x86.Build.0 = Release|Any CPU
		{A8E4C87B-59B3-446C-9028-CF17FE0B9E9A}.Debug|Any CPU.ActiveCfg = Debug|Any CPU
		{A8E4C87B-59B3-446C-9028-CF17FE0B9E9A}.Debug|Any CPU.Build.0 = Debug|Any CPU
		{A8E4C87B-59B3-446C-9028-CF17FE0B9E9A}.Debug|x64.ActiveCfg = Debug|Any CPU
		{A8E4C87B-59B3-446C-9028-CF17FE0B9E9A}.Debug|x64.Build.0 = Debug|Any CPU
		{A8E4C87B-59B3-446C-9028-CF17FE0B9E9A}.Debug|x86.ActiveCfg = Debug|Any CPU
		{A8E4C87B-59B3-446C-9028-CF17FE0B9E9A}.Debug|x86.Build.0 = Debug|Any CPU
		{A8E4C87B-59B3-446C-9028-CF17FE0B9E9A}.Release|Any CPU.ActiveCfg = Release|Any CPU
		{A8E4C87B-59B3-446C-9028-CF17FE0B9E9A}.Release|Any CPU.Build.0 = Release|Any CPU
		{A8E4C87B-59B3-446C-9028-CF17FE0B9E9A}.Release|x64.ActiveCfg = Release|Any CPU
		{A8E4C87B-59B3-446C-9028-CF17FE0B9E9A}.Release|x64.Build.0 = Release|Any CPU
		{A8E4C87B-59B3-446C-9028-CF17FE0B9E9A}.Release|x86.ActiveCfg = Release|Any CPU
		{A8E4C87B-59B3-446C-9028-CF17FE0B9E9A}.Release|x86.Build.0 = Release|Any CPU
		{1E8DEE01-AEED-457C-9556-1A653DC4126E}.Debug|Any CPU.ActiveCfg = Debug|Any CPU
		{1E8DEE01-AEED-457C-9556-1A653DC4126E}.Debug|Any CPU.Build.0 = Debug|Any CPU
		{1E8DEE01-AEED-457C-9556-1A653DC4126E}.Debug|x64.ActiveCfg = Debug|Any CPU
		{1E8DEE01-AEED-457C-9556-1A653DC4126E}.Debug|x64.Build.0 = Debug|Any CPU
		{1E8DEE01-AEED-457C-9556-1A653DC4126E}.Debug|x86.ActiveCfg = Debug|Any CPU
		{1E8DEE01-AEED-457C-9556-1A653DC4126E}.Debug|x86.Build.0 = Debug|Any CPU
		{1E8DEE01-AEED-457C-9556-1A653DC4126E}.Release|Any CPU.ActiveCfg = Release|Any CPU
		{1E8DEE01-AEED-457C-9556-1A653DC4126E}.Release|Any CPU.Build.0 = Release|Any CPU
		{1E8DEE01-AEED-457C-9556-1A653DC4126E}.Release|x64.ActiveCfg = Release|Any CPU
		{1E8DEE01-AEED-457C-9556-1A653DC4126E}.Release|x64.Build.0 = Release|Any CPU
		{1E8DEE01-AEED-457C-9556-1A653DC4126E}.Release|x86.ActiveCfg = Release|Any CPU
		{1E8DEE01-AEED-457C-9556-1A653DC4126E}.Release|x86.Build.0 = Release|Any CPU
		{2CA0E00D-A925-496D-9683-C08D8073FFF9}.Debug|Any CPU.ActiveCfg = Debug|Any CPU
		{2CA0E00D-A925-496D-9683-C08D8073FFF9}.Debug|Any CPU.Build.0 = Debug|Any CPU
		{2CA0E00D-A925-496D-9683-C08D8073FFF9}.Debug|x64.ActiveCfg = Debug|Any CPU
		{2CA0E00D-A925-496D-9683-C08D8073FFF9}.Debug|x64.Build.0 = Debug|Any CPU
		{2CA0E00D-A925-496D-9683-C08D8073FFF9}.Debug|x86.ActiveCfg = Debug|Any CPU
		{2CA0E00D-A925-496D-9683-C08D8073FFF9}.Debug|x86.Build.0 = Debug|Any CPU
		{2CA0E00D-A925-496D-9683-C08D8073FFF9}.Release|Any CPU.ActiveCfg = Release|Any CPU
		{2CA0E00D-A925-496D-9683-C08D8073FFF9}.Release|Any CPU.Build.0 = Release|Any CPU
		{2CA0E00D-A925-496D-9683-C08D8073FFF9}.Release|x64.ActiveCfg = Release|Any CPU
		{2CA0E00D-A925-496D-9683-C08D8073FFF9}.Release|x64.Build.0 = Release|Any CPU
		{2CA0E00D-A925-496D-9683-C08D8073FFF9}.Release|x86.ActiveCfg = Release|Any CPU
		{2CA0E00D-A925-496D-9683-C08D8073FFF9}.Release|x86.Build.0 = Release|Any CPU
		{DB995D58-F81A-48FF-A28B-C02F903768BA}.Debug|Any CPU.ActiveCfg = Debug|Any CPU
		{DB995D58-F81A-48FF-A28B-C02F903768BA}.Debug|Any CPU.Build.0 = Debug|Any CPU
		{DB995D58-F81A-48FF-A28B-C02F903768BA}.Debug|x64.ActiveCfg = Debug|Any CPU
		{DB995D58-F81A-48FF-A28B-C02F903768BA}.Debug|x64.Build.0 = Debug|Any CPU
		{DB995D58-F81A-48FF-A28B-C02F903768BA}.Debug|x86.ActiveCfg = Debug|Any CPU
		{DB995D58-F81A-48FF-A28B-C02F903768BA}.Debug|x86.Build.0 = Debug|Any CPU
		{DB995D58-F81A-48FF-A28B-C02F903768BA}.Release|Any CPU.ActiveCfg = Release|Any CPU
		{DB995D58-F81A-48FF-A28B-C02F903768BA}.Release|Any CPU.Build.0 = Release|Any CPU
		{DB995D58-F81A-48FF-A28B-C02F903768BA}.Release|x64.ActiveCfg = Release|Any CPU
		{DB995D58-F81A-48FF-A28B-C02F903768BA}.Release|x64.Build.0 = Release|Any CPU
		{DB995D58-F81A-48FF-A28B-C02F903768BA}.Release|x86.ActiveCfg = Release|Any CPU
		{DB995D58-F81A-48FF-A28B-C02F903768BA}.Release|x86.Build.0 = Release|Any CPU
		{7D613B3F-FE61-4A88-8984-A01247C2185C}.Debug|Any CPU.ActiveCfg = Debug|Any CPU
		{7D613B3F-FE61-4A88-8984-A01247C2185C}.Debug|Any CPU.Build.0 = Debug|Any CPU
		{7D613B3F-FE61-4A88-8984-A01247C2185C}.Debug|x64.ActiveCfg = Debug|Any CPU
		{7D613B3F-FE61-4A88-8984-A01247C2185C}.Debug|x64.Build.0 = Debug|Any CPU
		{7D613B3F-FE61-4A88-8984-A01247C2185C}.Debug|x86.ActiveCfg = Debug|Any CPU
		{7D613B3F-FE61-4A88-8984-A01247C2185C}.Debug|x86.Build.0 = Debug|Any CPU
		{7D613B3F-FE61-4A88-8984-A01247C2185C}.Release|Any CPU.ActiveCfg = Release|Any CPU
		{7D613B3F-FE61-4A88-8984-A01247C2185C}.Release|Any CPU.Build.0 = Release|Any CPU
		{7D613B3F-FE61-4A88-8984-A01247C2185C}.Release|x64.ActiveCfg = Release|Any CPU
		{7D613B3F-FE61-4A88-8984-A01247C2185C}.Release|x64.Build.0 = Release|Any CPU
		{7D613B3F-FE61-4A88-8984-A01247C2185C}.Release|x86.ActiveCfg = Release|Any CPU
		{7D613B3F-FE61-4A88-8984-A01247C2185C}.Release|x86.Build.0 = Release|Any CPU
		{9B989A1A-9222-4BA5-AB5B-4E3CEC5DA58F}.Debug|Any CPU.ActiveCfg = Debug|Any CPU
		{9B989A1A-9222-4BA5-AB5B-4E3CEC5DA58F}.Debug|Any CPU.Build.0 = Debug|Any CPU
		{9B989A1A-9222-4BA5-AB5B-4E3CEC5DA58F}.Debug|x64.ActiveCfg = Debug|Any CPU
		{9B989A1A-9222-4BA5-AB5B-4E3CEC5DA58F}.Debug|x64.Build.0 = Debug|Any CPU
		{9B989A1A-9222-4BA5-AB5B-4E3CEC5DA58F}.Debug|x86.ActiveCfg = Debug|Any CPU
		{9B989A1A-9222-4BA5-AB5B-4E3CEC5DA58F}.Debug|x86.Build.0 = Debug|Any CPU
		{9B989A1A-9222-4BA5-AB5B-4E3CEC5DA58F}.Release|Any CPU.ActiveCfg = Release|Any CPU
		{9B989A1A-9222-4BA5-AB5B-4E3CEC5DA58F}.Release|Any CPU.Build.0 = Release|Any CPU
		{9B989A1A-9222-4BA5-AB5B-4E3CEC5DA58F}.Release|x64.ActiveCfg = Release|Any CPU
		{9B989A1A-9222-4BA5-AB5B-4E3CEC5DA58F}.Release|x64.Build.0 = Release|Any CPU
		{9B989A1A-9222-4BA5-AB5B-4E3CEC5DA58F}.Release|x86.ActiveCfg = Release|Any CPU
		{9B989A1A-9222-4BA5-AB5B-4E3CEC5DA58F}.Release|x86.Build.0 = Release|Any CPU
		{478EB99E-04D1-47DF-A205-1754B7CD6CE6}.Debug|Any CPU.ActiveCfg = Debug|Any CPU
		{478EB99E-04D1-47DF-A205-1754B7CD6CE6}.Debug|Any CPU.Build.0 = Debug|Any CPU
		{478EB99E-04D1-47DF-A205-1754B7CD6CE6}.Debug|x64.ActiveCfg = Debug|Any CPU
		{478EB99E-04D1-47DF-A205-1754B7CD6CE6}.Debug|x64.Build.0 = Debug|Any CPU
		{478EB99E-04D1-47DF-A205-1754B7CD6CE6}.Debug|x86.ActiveCfg = Debug|Any CPU
		{478EB99E-04D1-47DF-A205-1754B7CD6CE6}.Debug|x86.Build.0 = Debug|Any CPU
		{478EB99E-04D1-47DF-A205-1754B7CD6CE6}.Release|Any CPU.ActiveCfg = Release|Any CPU
		{478EB99E-04D1-47DF-A205-1754B7CD6CE6}.Release|Any CPU.Build.0 = Release|Any CPU
		{478EB99E-04D1-47DF-A205-1754B7CD6CE6}.Release|x64.ActiveCfg = Release|Any CPU
		{478EB99E-04D1-47DF-A205-1754B7CD6CE6}.Release|x64.Build.0 = Release|Any CPU
		{478EB99E-04D1-47DF-A205-1754B7CD6CE6}.Release|x86.ActiveCfg = Release|Any CPU
		{478EB99E-04D1-47DF-A205-1754B7CD6CE6}.Release|x86.Build.0 = Release|Any CPU
		{D5AB0AC6-0D09-4D61-837C-AC1C043E3B97}.Debug|Any CPU.ActiveCfg = Debug|Any CPU
		{D5AB0AC6-0D09-4D61-837C-AC1C043E3B97}.Debug|Any CPU.Build.0 = Debug|Any CPU
		{D5AB0AC6-0D09-4D61-837C-AC1C043E3B97}.Debug|x64.ActiveCfg = Debug|Any CPU
		{D5AB0AC6-0D09-4D61-837C-AC1C043E3B97}.Debug|x64.Build.0 = Debug|Any CPU
		{D5AB0AC6-0D09-4D61-837C-AC1C043E3B97}.Debug|x86.ActiveCfg = Debug|Any CPU
		{D5AB0AC6-0D09-4D61-837C-AC1C043E3B97}.Debug|x86.Build.0 = Debug|Any CPU
		{D5AB0AC6-0D09-4D61-837C-AC1C043E3B97}.Release|Any CPU.ActiveCfg = Release|Any CPU
		{D5AB0AC6-0D09-4D61-837C-AC1C043E3B97}.Release|Any CPU.Build.0 = Release|Any CPU
		{D5AB0AC6-0D09-4D61-837C-AC1C043E3B97}.Release|x64.ActiveCfg = Release|Any CPU
		{D5AB0AC6-0D09-4D61-837C-AC1C043E3B97}.Release|x64.Build.0 = Release|Any CPU
		{D5AB0AC6-0D09-4D61-837C-AC1C043E3B97}.Release|x86.ActiveCfg = Release|Any CPU
		{D5AB0AC6-0D09-4D61-837C-AC1C043E3B97}.Release|x86.Build.0 = Release|Any CPU
		{5128C177-3316-4ADE-98F3-1B443F9586BD}.Debug|Any CPU.ActiveCfg = Debug|Any CPU
		{5128C177-3316-4ADE-98F3-1B443F9586BD}.Debug|Any CPU.Build.0 = Debug|Any CPU
		{5128C177-3316-4ADE-98F3-1B443F9586BD}.Debug|x64.ActiveCfg = Debug|Any CPU
		{5128C177-3316-4ADE-98F3-1B443F9586BD}.Debug|x64.Build.0 = Debug|Any CPU
		{5128C177-3316-4ADE-98F3-1B443F9586BD}.Debug|x86.ActiveCfg = Debug|Any CPU
		{5128C177-3316-4ADE-98F3-1B443F9586BD}.Debug|x86.Build.0 = Debug|Any CPU
		{5128C177-3316-4ADE-98F3-1B443F9586BD}.Release|Any CPU.ActiveCfg = Release|Any CPU
		{5128C177-3316-4ADE-98F3-1B443F9586BD}.Release|Any CPU.Build.0 = Release|Any CPU
		{5128C177-3316-4ADE-98F3-1B443F9586BD}.Release|x64.ActiveCfg = Release|Any CPU
		{5128C177-3316-4ADE-98F3-1B443F9586BD}.Release|x64.Build.0 = Release|Any CPU
		{5128C177-3316-4ADE-98F3-1B443F9586BD}.Release|x86.ActiveCfg = Release|Any CPU
		{5128C177-3316-4ADE-98F3-1B443F9586BD}.Release|x86.Build.0 = Release|Any CPU
		{BBEF92C8-814B-41A5-A927-7900B4355B9C}.Debug|Any CPU.ActiveCfg = Debug|Any CPU
		{BBEF92C8-814B-41A5-A927-7900B4355B9C}.Debug|Any CPU.Build.0 = Debug|Any CPU
		{BBEF92C8-814B-41A5-A927-7900B4355B9C}.Debug|x64.ActiveCfg = Debug|Any CPU
		{BBEF92C8-814B-41A5-A927-7900B4355B9C}.Debug|x64.Build.0 = Debug|Any CPU
		{BBEF92C8-814B-41A5-A927-7900B4355B9C}.Debug|x86.ActiveCfg = Debug|Any CPU
		{BBEF92C8-814B-41A5-A927-7900B4355B9C}.Debug|x86.Build.0 = Debug|Any CPU
		{BBEF92C8-814B-41A5-A927-7900B4355B9C}.Release|Any CPU.ActiveCfg = Release|Any CPU
		{BBEF92C8-814B-41A5-A927-7900B4355B9C}.Release|Any CPU.Build.0 = Release|Any CPU
		{BBEF92C8-814B-41A5-A927-7900B4355B9C}.Release|x64.ActiveCfg = Release|Any CPU
		{BBEF92C8-814B-41A5-A927-7900B4355B9C}.Release|x64.Build.0 = Release|Any CPU
		{BBEF92C8-814B-41A5-A927-7900B4355B9C}.Release|x86.ActiveCfg = Release|Any CPU
		{BBEF92C8-814B-41A5-A927-7900B4355B9C}.Release|x86.Build.0 = Release|Any CPU
		{B084A341-03B6-4A7F-9A43-0321CF2106DE}.Debug|Any CPU.ActiveCfg = Debug|Any CPU
		{B084A341-03B6-4A7F-9A43-0321CF2106DE}.Debug|Any CPU.Build.0 = Debug|Any CPU
		{B084A341-03B6-4A7F-9A43-0321CF2106DE}.Debug|x64.ActiveCfg = Debug|Any CPU
		{B084A341-03B6-4A7F-9A43-0321CF2106DE}.Debug|x64.Build.0 = Debug|Any CPU
		{B084A341-03B6-4A7F-9A43-0321CF2106DE}.Debug|x86.ActiveCfg = Debug|Any CPU
		{B084A341-03B6-4A7F-9A43-0321CF2106DE}.Debug|x86.Build.0 = Debug|Any CPU
		{B084A341-03B6-4A7F-9A43-0321CF2106DE}.Release|Any CPU.ActiveCfg = Release|Any CPU
		{B084A341-03B6-4A7F-9A43-0321CF2106DE}.Release|Any CPU.Build.0 = Release|Any CPU
		{B084A341-03B6-4A7F-9A43-0321CF2106DE}.Release|x64.ActiveCfg = Release|Any CPU
		{B084A341-03B6-4A7F-9A43-0321CF2106DE}.Release|x64.Build.0 = Release|Any CPU
		{B084A341-03B6-4A7F-9A43-0321CF2106DE}.Release|x86.ActiveCfg = Release|Any CPU
		{B084A341-03B6-4A7F-9A43-0321CF2106DE}.Release|x86.Build.0 = Release|Any CPU
		{EF004444-0BB7-4D16-B601-47AD6CA55354}.Debug|Any CPU.ActiveCfg = Debug|Any CPU
		{EF004444-0BB7-4D16-B601-47AD6CA55354}.Debug|Any CPU.Build.0 = Debug|Any CPU
		{EF004444-0BB7-4D16-B601-47AD6CA55354}.Debug|x64.ActiveCfg = Debug|Any CPU
		{EF004444-0BB7-4D16-B601-47AD6CA55354}.Debug|x64.Build.0 = Debug|Any CPU
		{EF004444-0BB7-4D16-B601-47AD6CA55354}.Debug|x86.ActiveCfg = Debug|Any CPU
		{EF004444-0BB7-4D16-B601-47AD6CA55354}.Debug|x86.Build.0 = Debug|Any CPU
		{EF004444-0BB7-4D16-B601-47AD6CA55354}.Release|Any CPU.ActiveCfg = Release|Any CPU
		{EF004444-0BB7-4D16-B601-47AD6CA55354}.Release|Any CPU.Build.0 = Release|Any CPU
		{EF004444-0BB7-4D16-B601-47AD6CA55354}.Release|x64.ActiveCfg = Release|Any CPU
		{EF004444-0BB7-4D16-B601-47AD6CA55354}.Release|x64.Build.0 = Release|Any CPU
		{EF004444-0BB7-4D16-B601-47AD6CA55354}.Release|x86.ActiveCfg = Release|Any CPU
		{EF004444-0BB7-4D16-B601-47AD6CA55354}.Release|x86.Build.0 = Release|Any CPU
		{7BE7F9C3-978A-4DCE-A993-E937938BD3A0}.Debug|Any CPU.ActiveCfg = Debug|Any CPU
		{7BE7F9C3-978A-4DCE-A993-E937938BD3A0}.Debug|Any CPU.Build.0 = Debug|Any CPU
		{7BE7F9C3-978A-4DCE-A993-E937938BD3A0}.Debug|x64.ActiveCfg = Debug|Any CPU
		{7BE7F9C3-978A-4DCE-A993-E937938BD3A0}.Debug|x64.Build.0 = Debug|Any CPU
		{7BE7F9C3-978A-4DCE-A993-E937938BD3A0}.Debug|x86.ActiveCfg = Debug|Any CPU
		{7BE7F9C3-978A-4DCE-A993-E937938BD3A0}.Debug|x86.Build.0 = Debug|Any CPU
		{7BE7F9C3-978A-4DCE-A993-E937938BD3A0}.Release|Any CPU.ActiveCfg = Release|Any CPU
		{7BE7F9C3-978A-4DCE-A993-E937938BD3A0}.Release|Any CPU.Build.0 = Release|Any CPU
		{7BE7F9C3-978A-4DCE-A993-E937938BD3A0}.Release|x64.ActiveCfg = Release|Any CPU
		{7BE7F9C3-978A-4DCE-A993-E937938BD3A0}.Release|x64.Build.0 = Release|Any CPU
		{7BE7F9C3-978A-4DCE-A993-E937938BD3A0}.Release|x86.ActiveCfg = Release|Any CPU
		{7BE7F9C3-978A-4DCE-A993-E937938BD3A0}.Release|x86.Build.0 = Release|Any CPU
		{8649546E-28ED-4BE5-92BD-7ED85ABDAF2B}.Debug|Any CPU.ActiveCfg = Debug|Any CPU
		{8649546E-28ED-4BE5-92BD-7ED85ABDAF2B}.Debug|Any CPU.Build.0 = Debug|Any CPU
		{8649546E-28ED-4BE5-92BD-7ED85ABDAF2B}.Debug|x64.ActiveCfg = Debug|Any CPU
		{8649546E-28ED-4BE5-92BD-7ED85ABDAF2B}.Debug|x64.Build.0 = Debug|Any CPU
		{8649546E-28ED-4BE5-92BD-7ED85ABDAF2B}.Debug|x86.ActiveCfg = Debug|Any CPU
		{8649546E-28ED-4BE5-92BD-7ED85ABDAF2B}.Debug|x86.Build.0 = Debug|Any CPU
		{8649546E-28ED-4BE5-92BD-7ED85ABDAF2B}.Release|Any CPU.ActiveCfg = Release|Any CPU
		{8649546E-28ED-4BE5-92BD-7ED85ABDAF2B}.Release|Any CPU.Build.0 = Release|Any CPU
		{8649546E-28ED-4BE5-92BD-7ED85ABDAF2B}.Release|x64.ActiveCfg = Release|Any CPU
		{8649546E-28ED-4BE5-92BD-7ED85ABDAF2B}.Release|x64.Build.0 = Release|Any CPU
		{8649546E-28ED-4BE5-92BD-7ED85ABDAF2B}.Release|x86.ActiveCfg = Release|Any CPU
		{8649546E-28ED-4BE5-92BD-7ED85ABDAF2B}.Release|x86.Build.0 = Release|Any CPU
		{6F854DF2-EE38-4263-8C49-C900CADD3912}.Debug|Any CPU.ActiveCfg = Debug|Any CPU
		{6F854DF2-EE38-4263-8C49-C900CADD3912}.Debug|Any CPU.Build.0 = Debug|Any CPU
		{6F854DF2-EE38-4263-8C49-C900CADD3912}.Debug|x64.ActiveCfg = Debug|Any CPU
		{6F854DF2-EE38-4263-8C49-C900CADD3912}.Debug|x64.Build.0 = Debug|Any CPU
		{6F854DF2-EE38-4263-8C49-C900CADD3912}.Debug|x86.ActiveCfg = Debug|Any CPU
		{6F854DF2-EE38-4263-8C49-C900CADD3912}.Debug|x86.Build.0 = Debug|Any CPU
		{6F854DF2-EE38-4263-8C49-C900CADD3912}.Release|Any CPU.ActiveCfg = Release|Any CPU
		{6F854DF2-EE38-4263-8C49-C900CADD3912}.Release|Any CPU.Build.0 = Release|Any CPU
		{6F854DF2-EE38-4263-8C49-C900CADD3912}.Release|x64.ActiveCfg = Release|Any CPU
		{6F854DF2-EE38-4263-8C49-C900CADD3912}.Release|x64.Build.0 = Release|Any CPU
		{6F854DF2-EE38-4263-8C49-C900CADD3912}.Release|x86.ActiveCfg = Release|Any CPU
		{6F854DF2-EE38-4263-8C49-C900CADD3912}.Release|x86.Build.0 = Release|Any CPU
		{FA45E2E7-B0E3-4466-BCFB-0055981CC1E2}.Debug|Any CPU.ActiveCfg = Debug|Any CPU
		{FA45E2E7-B0E3-4466-BCFB-0055981CC1E2}.Debug|Any CPU.Build.0 = Debug|Any CPU
		{FA45E2E7-B0E3-4466-BCFB-0055981CC1E2}.Debug|x64.ActiveCfg = Debug|Any CPU
		{FA45E2E7-B0E3-4466-BCFB-0055981CC1E2}.Debug|x64.Build.0 = Debug|Any CPU
		{FA45E2E7-B0E3-4466-BCFB-0055981CC1E2}.Debug|x86.ActiveCfg = Debug|Any CPU
		{FA45E2E7-B0E3-4466-BCFB-0055981CC1E2}.Debug|x86.Build.0 = Debug|Any CPU
		{FA45E2E7-B0E3-4466-BCFB-0055981CC1E2}.Release|Any CPU.ActiveCfg = Release|Any CPU
		{FA45E2E7-B0E3-4466-BCFB-0055981CC1E2}.Release|Any CPU.Build.0 = Release|Any CPU
		{FA45E2E7-B0E3-4466-BCFB-0055981CC1E2}.Release|x64.ActiveCfg = Release|Any CPU
		{FA45E2E7-B0E3-4466-BCFB-0055981CC1E2}.Release|x64.Build.0 = Release|Any CPU
		{FA45E2E7-B0E3-4466-BCFB-0055981CC1E2}.Release|x86.ActiveCfg = Release|Any CPU
		{FA45E2E7-B0E3-4466-BCFB-0055981CC1E2}.Release|x86.Build.0 = Release|Any CPU
		{49FB440B-60BA-407A-9D5D-44D9ED291374}.Debug|Any CPU.ActiveCfg = Debug|Any CPU
		{49FB440B-60BA-407A-9D5D-44D9ED291374}.Debug|Any CPU.Build.0 = Debug|Any CPU
		{49FB440B-60BA-407A-9D5D-44D9ED291374}.Debug|x64.ActiveCfg = Debug|Any CPU
		{49FB440B-60BA-407A-9D5D-44D9ED291374}.Debug|x64.Build.0 = Debug|Any CPU
		{49FB440B-60BA-407A-9D5D-44D9ED291374}.Debug|x86.ActiveCfg = Debug|Any CPU
		{49FB440B-60BA-407A-9D5D-44D9ED291374}.Debug|x86.Build.0 = Debug|Any CPU
		{49FB440B-60BA-407A-9D5D-44D9ED291374}.Release|Any CPU.ActiveCfg = Release|Any CPU
		{49FB440B-60BA-407A-9D5D-44D9ED291374}.Release|Any CPU.Build.0 = Release|Any CPU
		{49FB440B-60BA-407A-9D5D-44D9ED291374}.Release|x64.ActiveCfg = Release|Any CPU
		{49FB440B-60BA-407A-9D5D-44D9ED291374}.Release|x64.Build.0 = Release|Any CPU
		{49FB440B-60BA-407A-9D5D-44D9ED291374}.Release|x86.ActiveCfg = Release|Any CPU
		{49FB440B-60BA-407A-9D5D-44D9ED291374}.Release|x86.Build.0 = Release|Any CPU
		{E6B0937C-F7B0-42B0-8F1B-9B860DDD8983}.Debug|Any CPU.ActiveCfg = Debug|Any CPU
		{E6B0937C-F7B0-42B0-8F1B-9B860DDD8983}.Debug|Any CPU.Build.0 = Debug|Any CPU
		{E6B0937C-F7B0-42B0-8F1B-9B860DDD8983}.Debug|x64.ActiveCfg = Debug|Any CPU
		{E6B0937C-F7B0-42B0-8F1B-9B860DDD8983}.Debug|x64.Build.0 = Debug|Any CPU
		{E6B0937C-F7B0-42B0-8F1B-9B860DDD8983}.Debug|x86.ActiveCfg = Debug|Any CPU
		{E6B0937C-F7B0-42B0-8F1B-9B860DDD8983}.Debug|x86.Build.0 = Debug|Any CPU
		{E6B0937C-F7B0-42B0-8F1B-9B860DDD8983}.Release|Any CPU.ActiveCfg = Release|Any CPU
		{E6B0937C-F7B0-42B0-8F1B-9B860DDD8983}.Release|Any CPU.Build.0 = Release|Any CPU
		{E6B0937C-F7B0-42B0-8F1B-9B860DDD8983}.Release|x64.ActiveCfg = Release|Any CPU
		{E6B0937C-F7B0-42B0-8F1B-9B860DDD8983}.Release|x64.Build.0 = Release|Any CPU
		{E6B0937C-F7B0-42B0-8F1B-9B860DDD8983}.Release|x86.ActiveCfg = Release|Any CPU
		{E6B0937C-F7B0-42B0-8F1B-9B860DDD8983}.Release|x86.Build.0 = Release|Any CPU
		{008CC80A-8923-4C12-987C-6886B1411787}.Debug|Any CPU.ActiveCfg = Debug|Any CPU
		{008CC80A-8923-4C12-987C-6886B1411787}.Debug|Any CPU.Build.0 = Debug|Any CPU
		{008CC80A-8923-4C12-987C-6886B1411787}.Debug|x64.ActiveCfg = Debug|Any CPU
		{008CC80A-8923-4C12-987C-6886B1411787}.Debug|x64.Build.0 = Debug|Any CPU
		{008CC80A-8923-4C12-987C-6886B1411787}.Debug|x86.ActiveCfg = Debug|Any CPU
		{008CC80A-8923-4C12-987C-6886B1411787}.Debug|x86.Build.0 = Debug|Any CPU
		{008CC80A-8923-4C12-987C-6886B1411787}.Release|Any CPU.ActiveCfg = Release|Any CPU
		{008CC80A-8923-4C12-987C-6886B1411787}.Release|Any CPU.Build.0 = Release|Any CPU
		{008CC80A-8923-4C12-987C-6886B1411787}.Release|x64.ActiveCfg = Release|Any CPU
		{008CC80A-8923-4C12-987C-6886B1411787}.Release|x64.Build.0 = Release|Any CPU
		{008CC80A-8923-4C12-987C-6886B1411787}.Release|x86.ActiveCfg = Release|Any CPU
		{008CC80A-8923-4C12-987C-6886B1411787}.Release|x86.Build.0 = Release|Any CPU
		{236638D4-ADB0-42CC-B2B6-6DF8587E26BC}.Debug|Any CPU.ActiveCfg = Debug|Any CPU
		{236638D4-ADB0-42CC-B2B6-6DF8587E26BC}.Debug|Any CPU.Build.0 = Debug|Any CPU
		{236638D4-ADB0-42CC-B2B6-6DF8587E26BC}.Debug|x64.ActiveCfg = Debug|Any CPU
		{236638D4-ADB0-42CC-B2B6-6DF8587E26BC}.Debug|x64.Build.0 = Debug|Any CPU
		{236638D4-ADB0-42CC-B2B6-6DF8587E26BC}.Debug|x86.ActiveCfg = Debug|Any CPU
		{236638D4-ADB0-42CC-B2B6-6DF8587E26BC}.Debug|x86.Build.0 = Debug|Any CPU
		{236638D4-ADB0-42CC-B2B6-6DF8587E26BC}.Release|Any CPU.ActiveCfg = Release|Any CPU
		{236638D4-ADB0-42CC-B2B6-6DF8587E26BC}.Release|Any CPU.Build.0 = Release|Any CPU
		{236638D4-ADB0-42CC-B2B6-6DF8587E26BC}.Release|x64.ActiveCfg = Release|Any CPU
		{236638D4-ADB0-42CC-B2B6-6DF8587E26BC}.Release|x64.Build.0 = Release|Any CPU
		{236638D4-ADB0-42CC-B2B6-6DF8587E26BC}.Release|x86.ActiveCfg = Release|Any CPU
		{236638D4-ADB0-42CC-B2B6-6DF8587E26BC}.Release|x86.Build.0 = Release|Any CPU
		{7966647C-4D65-498C-9B37-799833901A6C}.Debug|Any CPU.ActiveCfg = Debug|Any CPU
		{7966647C-4D65-498C-9B37-799833901A6C}.Debug|Any CPU.Build.0 = Debug|Any CPU
		{7966647C-4D65-498C-9B37-799833901A6C}.Debug|x64.ActiveCfg = Debug|Any CPU
		{7966647C-4D65-498C-9B37-799833901A6C}.Debug|x64.Build.0 = Debug|Any CPU
		{7966647C-4D65-498C-9B37-799833901A6C}.Debug|x86.ActiveCfg = Debug|Any CPU
		{7966647C-4D65-498C-9B37-799833901A6C}.Debug|x86.Build.0 = Debug|Any CPU
		{7966647C-4D65-498C-9B37-799833901A6C}.Release|Any CPU.ActiveCfg = Release|Any CPU
		{7966647C-4D65-498C-9B37-799833901A6C}.Release|Any CPU.Build.0 = Release|Any CPU
		{7966647C-4D65-498C-9B37-799833901A6C}.Release|x64.ActiveCfg = Release|Any CPU
		{7966647C-4D65-498C-9B37-799833901A6C}.Release|x64.Build.0 = Release|Any CPU
		{7966647C-4D65-498C-9B37-799833901A6C}.Release|x86.ActiveCfg = Release|Any CPU
		{7966647C-4D65-498C-9B37-799833901A6C}.Release|x86.Build.0 = Release|Any CPU
		{623AA881-9E9D-4E91-9760-2B4AFF1F894D}.Debug|Any CPU.ActiveCfg = Debug|Any CPU
		{623AA881-9E9D-4E91-9760-2B4AFF1F894D}.Debug|Any CPU.Build.0 = Debug|Any CPU
		{623AA881-9E9D-4E91-9760-2B4AFF1F894D}.Debug|x64.ActiveCfg = Debug|Any CPU
		{623AA881-9E9D-4E91-9760-2B4AFF1F894D}.Debug|x64.Build.0 = Debug|Any CPU
		{623AA881-9E9D-4E91-9760-2B4AFF1F894D}.Debug|x86.ActiveCfg = Debug|Any CPU
		{623AA881-9E9D-4E91-9760-2B4AFF1F894D}.Debug|x86.Build.0 = Debug|Any CPU
		{623AA881-9E9D-4E91-9760-2B4AFF1F894D}.Release|Any CPU.ActiveCfg = Release|Any CPU
		{623AA881-9E9D-4E91-9760-2B4AFF1F894D}.Release|Any CPU.Build.0 = Release|Any CPU
		{623AA881-9E9D-4E91-9760-2B4AFF1F894D}.Release|x64.ActiveCfg = Release|Any CPU
		{623AA881-9E9D-4E91-9760-2B4AFF1F894D}.Release|x64.Build.0 = Release|Any CPU
		{623AA881-9E9D-4E91-9760-2B4AFF1F894D}.Release|x86.ActiveCfg = Release|Any CPU
		{623AA881-9E9D-4E91-9760-2B4AFF1F894D}.Release|x86.Build.0 = Release|Any CPU
		{5E43A3AE-5363-4FA1-81B2-A9E65AACF5A6}.Debug|Any CPU.ActiveCfg = Debug|Any CPU
		{5E43A3AE-5363-4FA1-81B2-A9E65AACF5A6}.Debug|Any CPU.Build.0 = Debug|Any CPU
		{5E43A3AE-5363-4FA1-81B2-A9E65AACF5A6}.Debug|x64.ActiveCfg = Debug|Any CPU
		{5E43A3AE-5363-4FA1-81B2-A9E65AACF5A6}.Debug|x64.Build.0 = Debug|Any CPU
		{5E43A3AE-5363-4FA1-81B2-A9E65AACF5A6}.Debug|x86.ActiveCfg = Debug|Any CPU
		{5E43A3AE-5363-4FA1-81B2-A9E65AACF5A6}.Debug|x86.Build.0 = Debug|Any CPU
		{5E43A3AE-5363-4FA1-81B2-A9E65AACF5A6}.Release|Any CPU.ActiveCfg = Release|Any CPU
		{5E43A3AE-5363-4FA1-81B2-A9E65AACF5A6}.Release|Any CPU.Build.0 = Release|Any CPU
		{5E43A3AE-5363-4FA1-81B2-A9E65AACF5A6}.Release|x64.ActiveCfg = Release|Any CPU
		{5E43A3AE-5363-4FA1-81B2-A9E65AACF5A6}.Release|x64.Build.0 = Release|Any CPU
		{5E43A3AE-5363-4FA1-81B2-A9E65AACF5A6}.Release|x86.ActiveCfg = Release|Any CPU
		{5E43A3AE-5363-4FA1-81B2-A9E65AACF5A6}.Release|x86.Build.0 = Release|Any CPU
		{9466CF22-AECB-499D-811C-203586268BF4}.Debug|Any CPU.ActiveCfg = Debug|Any CPU
		{9466CF22-AECB-499D-811C-203586268BF4}.Debug|Any CPU.Build.0 = Debug|Any CPU
		{9466CF22-AECB-499D-811C-203586268BF4}.Debug|x64.ActiveCfg = Debug|Any CPU
		{9466CF22-AECB-499D-811C-203586268BF4}.Debug|x64.Build.0 = Debug|Any CPU
		{9466CF22-AECB-499D-811C-203586268BF4}.Debug|x86.ActiveCfg = Debug|Any CPU
		{9466CF22-AECB-499D-811C-203586268BF4}.Debug|x86.Build.0 = Debug|Any CPU
		{9466CF22-AECB-499D-811C-203586268BF4}.Release|Any CPU.ActiveCfg = Release|Any CPU
		{9466CF22-AECB-499D-811C-203586268BF4}.Release|Any CPU.Build.0 = Release|Any CPU
		{9466CF22-AECB-499D-811C-203586268BF4}.Release|x64.ActiveCfg = Release|Any CPU
		{9466CF22-AECB-499D-811C-203586268BF4}.Release|x64.Build.0 = Release|Any CPU
		{9466CF22-AECB-499D-811C-203586268BF4}.Release|x86.ActiveCfg = Release|Any CPU
		{9466CF22-AECB-499D-811C-203586268BF4}.Release|x86.Build.0 = Release|Any CPU
		{F461D74E-9B01-4F50-9015-2D7D55069218}.Debug|Any CPU.ActiveCfg = Debug|Any CPU
		{F461D74E-9B01-4F50-9015-2D7D55069218}.Debug|Any CPU.Build.0 = Debug|Any CPU
		{F461D74E-9B01-4F50-9015-2D7D55069218}.Debug|x64.ActiveCfg = Debug|Any CPU
		{F461D74E-9B01-4F50-9015-2D7D55069218}.Debug|x64.Build.0 = Debug|Any CPU
		{F461D74E-9B01-4F50-9015-2D7D55069218}.Debug|x86.ActiveCfg = Debug|Any CPU
		{F461D74E-9B01-4F50-9015-2D7D55069218}.Debug|x86.Build.0 = Debug|Any CPU
		{F461D74E-9B01-4F50-9015-2D7D55069218}.Release|Any CPU.ActiveCfg = Release|Any CPU
		{F461D74E-9B01-4F50-9015-2D7D55069218}.Release|Any CPU.Build.0 = Release|Any CPU
		{F461D74E-9B01-4F50-9015-2D7D55069218}.Release|x64.ActiveCfg = Release|Any CPU
		{F461D74E-9B01-4F50-9015-2D7D55069218}.Release|x64.Build.0 = Release|Any CPU
		{F461D74E-9B01-4F50-9015-2D7D55069218}.Release|x86.ActiveCfg = Release|Any CPU
		{F461D74E-9B01-4F50-9015-2D7D55069218}.Release|x86.Build.0 = Release|Any CPU
		{AF6075DB-343C-4B5C-ABE0-E956087346D7}.Debug|Any CPU.ActiveCfg = Debug|Any CPU
		{AF6075DB-343C-4B5C-ABE0-E956087346D7}.Debug|Any CPU.Build.0 = Debug|Any CPU
		{AF6075DB-343C-4B5C-ABE0-E956087346D7}.Debug|x64.ActiveCfg = Debug|Any CPU
		{AF6075DB-343C-4B5C-ABE0-E956087346D7}.Debug|x64.Build.0 = Debug|Any CPU
		{AF6075DB-343C-4B5C-ABE0-E956087346D7}.Debug|x86.ActiveCfg = Debug|Any CPU
		{AF6075DB-343C-4B5C-ABE0-E956087346D7}.Debug|x86.Build.0 = Debug|Any CPU
		{AF6075DB-343C-4B5C-ABE0-E956087346D7}.Release|Any CPU.ActiveCfg = Release|Any CPU
		{AF6075DB-343C-4B5C-ABE0-E956087346D7}.Release|Any CPU.Build.0 = Release|Any CPU
		{AF6075DB-343C-4B5C-ABE0-E956087346D7}.Release|x64.ActiveCfg = Release|Any CPU
		{AF6075DB-343C-4B5C-ABE0-E956087346D7}.Release|x64.Build.0 = Release|Any CPU
		{AF6075DB-343C-4B5C-ABE0-E956087346D7}.Release|x86.ActiveCfg = Release|Any CPU
		{AF6075DB-343C-4B5C-ABE0-E956087346D7}.Release|x86.Build.0 = Release|Any CPU
		{C79E7FEC-7EF3-4336-A5A9-6D0877B06ED4}.Debug|Any CPU.ActiveCfg = Debug|Any CPU
		{C79E7FEC-7EF3-4336-A5A9-6D0877B06ED4}.Debug|Any CPU.Build.0 = Debug|Any CPU
		{C79E7FEC-7EF3-4336-A5A9-6D0877B06ED4}.Debug|x64.ActiveCfg = Debug|Any CPU
		{C79E7FEC-7EF3-4336-A5A9-6D0877B06ED4}.Debug|x64.Build.0 = Debug|Any CPU
		{C79E7FEC-7EF3-4336-A5A9-6D0877B06ED4}.Debug|x86.ActiveCfg = Debug|Any CPU
		{C79E7FEC-7EF3-4336-A5A9-6D0877B06ED4}.Debug|x86.Build.0 = Debug|Any CPU
		{C79E7FEC-7EF3-4336-A5A9-6D0877B06ED4}.Release|Any CPU.ActiveCfg = Release|Any CPU
		{C79E7FEC-7EF3-4336-A5A9-6D0877B06ED4}.Release|Any CPU.Build.0 = Release|Any CPU
		{C79E7FEC-7EF3-4336-A5A9-6D0877B06ED4}.Release|x64.ActiveCfg = Release|Any CPU
		{C79E7FEC-7EF3-4336-A5A9-6D0877B06ED4}.Release|x64.Build.0 = Release|Any CPU
		{C79E7FEC-7EF3-4336-A5A9-6D0877B06ED4}.Release|x86.ActiveCfg = Release|Any CPU
		{C79E7FEC-7EF3-4336-A5A9-6D0877B06ED4}.Release|x86.Build.0 = Release|Any CPU
		{BB136EC4-8013-46D4-9807-79649908B2C6}.Debug|Any CPU.ActiveCfg = Debug|Any CPU
		{BB136EC4-8013-46D4-9807-79649908B2C6}.Debug|Any CPU.Build.0 = Debug|Any CPU
		{BB136EC4-8013-46D4-9807-79649908B2C6}.Debug|x64.ActiveCfg = Debug|Any CPU
		{BB136EC4-8013-46D4-9807-79649908B2C6}.Debug|x64.Build.0 = Debug|Any CPU
		{BB136EC4-8013-46D4-9807-79649908B2C6}.Debug|x86.ActiveCfg = Debug|Any CPU
		{BB136EC4-8013-46D4-9807-79649908B2C6}.Debug|x86.Build.0 = Debug|Any CPU
		{BB136EC4-8013-46D4-9807-79649908B2C6}.Release|Any CPU.ActiveCfg = Release|Any CPU
		{BB136EC4-8013-46D4-9807-79649908B2C6}.Release|Any CPU.Build.0 = Release|Any CPU
		{BB136EC4-8013-46D4-9807-79649908B2C6}.Release|x64.ActiveCfg = Release|Any CPU
		{BB136EC4-8013-46D4-9807-79649908B2C6}.Release|x64.Build.0 = Release|Any CPU
		{BB136EC4-8013-46D4-9807-79649908B2C6}.Release|x86.ActiveCfg = Release|Any CPU
		{BB136EC4-8013-46D4-9807-79649908B2C6}.Release|x86.Build.0 = Release|Any CPU
		{1226E067-F325-4181-9B07-A9D6BEE700CD}.Debug|Any CPU.ActiveCfg = Debug|Any CPU
		{1226E067-F325-4181-9B07-A9D6BEE700CD}.Debug|Any CPU.Build.0 = Debug|Any CPU
		{1226E067-F325-4181-9B07-A9D6BEE700CD}.Debug|x64.ActiveCfg = Debug|Any CPU
		{1226E067-F325-4181-9B07-A9D6BEE700CD}.Debug|x64.Build.0 = Debug|Any CPU
		{1226E067-F325-4181-9B07-A9D6BEE700CD}.Debug|x86.ActiveCfg = Debug|Any CPU
		{1226E067-F325-4181-9B07-A9D6BEE700CD}.Debug|x86.Build.0 = Debug|Any CPU
		{1226E067-F325-4181-9B07-A9D6BEE700CD}.Release|Any CPU.ActiveCfg = Release|Any CPU
		{1226E067-F325-4181-9B07-A9D6BEE700CD}.Release|Any CPU.Build.0 = Release|Any CPU
		{1226E067-F325-4181-9B07-A9D6BEE700CD}.Release|x64.ActiveCfg = Release|Any CPU
		{1226E067-F325-4181-9B07-A9D6BEE700CD}.Release|x64.Build.0 = Release|Any CPU
		{1226E067-F325-4181-9B07-A9D6BEE700CD}.Release|x86.ActiveCfg = Release|Any CPU
		{1226E067-F325-4181-9B07-A9D6BEE700CD}.Release|x86.Build.0 = Release|Any CPU
		{3EC44D1F-4BC5-436D-804C-DB11C4FB8B66}.Debug|Any CPU.ActiveCfg = Debug|Any CPU
		{3EC44D1F-4BC5-436D-804C-DB11C4FB8B66}.Debug|Any CPU.Build.0 = Debug|Any CPU
		{3EC44D1F-4BC5-436D-804C-DB11C4FB8B66}.Debug|x64.ActiveCfg = Debug|Any CPU
		{3EC44D1F-4BC5-436D-804C-DB11C4FB8B66}.Debug|x64.Build.0 = Debug|Any CPU
		{3EC44D1F-4BC5-436D-804C-DB11C4FB8B66}.Debug|x86.ActiveCfg = Debug|Any CPU
		{3EC44D1F-4BC5-436D-804C-DB11C4FB8B66}.Debug|x86.Build.0 = Debug|Any CPU
		{3EC44D1F-4BC5-436D-804C-DB11C4FB8B66}.Release|Any CPU.ActiveCfg = Release|Any CPU
		{3EC44D1F-4BC5-436D-804C-DB11C4FB8B66}.Release|Any CPU.Build.0 = Release|Any CPU
		{3EC44D1F-4BC5-436D-804C-DB11C4FB8B66}.Release|x64.ActiveCfg = Release|Any CPU
		{3EC44D1F-4BC5-436D-804C-DB11C4FB8B66}.Release|x64.Build.0 = Release|Any CPU
		{3EC44D1F-4BC5-436D-804C-DB11C4FB8B66}.Release|x86.ActiveCfg = Release|Any CPU
		{3EC44D1F-4BC5-436D-804C-DB11C4FB8B66}.Release|x86.Build.0 = Release|Any CPU
		{1C190D79-F182-42D1-8EF1-A350446DCE49}.Debug|Any CPU.ActiveCfg = Debug|Any CPU
		{1C190D79-F182-42D1-8EF1-A350446DCE49}.Debug|Any CPU.Build.0 = Debug|Any CPU
		{1C190D79-F182-42D1-8EF1-A350446DCE49}.Debug|x64.ActiveCfg = Debug|Any CPU
		{1C190D79-F182-42D1-8EF1-A350446DCE49}.Debug|x64.Build.0 = Debug|Any CPU
		{1C190D79-F182-42D1-8EF1-A350446DCE49}.Debug|x86.ActiveCfg = Debug|Any CPU
		{1C190D79-F182-42D1-8EF1-A350446DCE49}.Debug|x86.Build.0 = Debug|Any CPU
		{1C190D79-F182-42D1-8EF1-A350446DCE49}.Release|Any CPU.ActiveCfg = Release|Any CPU
		{1C190D79-F182-42D1-8EF1-A350446DCE49}.Release|Any CPU.Build.0 = Release|Any CPU
		{1C190D79-F182-42D1-8EF1-A350446DCE49}.Release|x64.ActiveCfg = Release|Any CPU
		{1C190D79-F182-42D1-8EF1-A350446DCE49}.Release|x64.Build.0 = Release|Any CPU
		{1C190D79-F182-42D1-8EF1-A350446DCE49}.Release|x86.ActiveCfg = Release|Any CPU
		{1C190D79-F182-42D1-8EF1-A350446DCE49}.Release|x86.Build.0 = Release|Any CPU
		{74DE3B49-AE5A-4970-8286-5430B9F33953}.Debug|Any CPU.ActiveCfg = Debug|Any CPU
		{74DE3B49-AE5A-4970-8286-5430B9F33953}.Debug|Any CPU.Build.0 = Debug|Any CPU
		{74DE3B49-AE5A-4970-8286-5430B9F33953}.Debug|x64.ActiveCfg = Debug|Any CPU
		{74DE3B49-AE5A-4970-8286-5430B9F33953}.Debug|x64.Build.0 = Debug|Any CPU
		{74DE3B49-AE5A-4970-8286-5430B9F33953}.Debug|x86.ActiveCfg = Debug|Any CPU
		{74DE3B49-AE5A-4970-8286-5430B9F33953}.Debug|x86.Build.0 = Debug|Any CPU
		{74DE3B49-AE5A-4970-8286-5430B9F33953}.Release|Any CPU.ActiveCfg = Release|Any CPU
		{74DE3B49-AE5A-4970-8286-5430B9F33953}.Release|Any CPU.Build.0 = Release|Any CPU
		{74DE3B49-AE5A-4970-8286-5430B9F33953}.Release|x64.ActiveCfg = Release|Any CPU
		{74DE3B49-AE5A-4970-8286-5430B9F33953}.Release|x64.Build.0 = Release|Any CPU
		{74DE3B49-AE5A-4970-8286-5430B9F33953}.Release|x86.ActiveCfg = Release|Any CPU
		{74DE3B49-AE5A-4970-8286-5430B9F33953}.Release|x86.Build.0 = Release|Any CPU
		{59826750-BB9D-46FD-826A-C8AE354A899B}.Debug|Any CPU.ActiveCfg = Debug|Any CPU
		{59826750-BB9D-46FD-826A-C8AE354A899B}.Debug|Any CPU.Build.0 = Debug|Any CPU
		{59826750-BB9D-46FD-826A-C8AE354A899B}.Debug|x64.ActiveCfg = Debug|Any CPU
		{59826750-BB9D-46FD-826A-C8AE354A899B}.Debug|x64.Build.0 = Debug|Any CPU
		{59826750-BB9D-46FD-826A-C8AE354A899B}.Debug|x86.ActiveCfg = Debug|Any CPU
		{59826750-BB9D-46FD-826A-C8AE354A899B}.Debug|x86.Build.0 = Debug|Any CPU
		{59826750-BB9D-46FD-826A-C8AE354A899B}.Release|Any CPU.ActiveCfg = Release|Any CPU
		{59826750-BB9D-46FD-826A-C8AE354A899B}.Release|Any CPU.Build.0 = Release|Any CPU
		{59826750-BB9D-46FD-826A-C8AE354A899B}.Release|x64.ActiveCfg = Release|Any CPU
		{59826750-BB9D-46FD-826A-C8AE354A899B}.Release|x64.Build.0 = Release|Any CPU
		{59826750-BB9D-46FD-826A-C8AE354A899B}.Release|x86.ActiveCfg = Release|Any CPU
		{59826750-BB9D-46FD-826A-C8AE354A899B}.Release|x86.Build.0 = Release|Any CPU
		{39A94051-13DA-4F0B-86E3-4A6CDC4A9D08}.Debug|Any CPU.ActiveCfg = Debug|Any CPU
		{39A94051-13DA-4F0B-86E3-4A6CDC4A9D08}.Debug|Any CPU.Build.0 = Debug|Any CPU
		{39A94051-13DA-4F0B-86E3-4A6CDC4A9D08}.Debug|x64.ActiveCfg = Debug|Any CPU
		{39A94051-13DA-4F0B-86E3-4A6CDC4A9D08}.Debug|x64.Build.0 = Debug|Any CPU
		{39A94051-13DA-4F0B-86E3-4A6CDC4A9D08}.Debug|x86.ActiveCfg = Debug|Any CPU
		{39A94051-13DA-4F0B-86E3-4A6CDC4A9D08}.Debug|x86.Build.0 = Debug|Any CPU
		{39A94051-13DA-4F0B-86E3-4A6CDC4A9D08}.Release|Any CPU.ActiveCfg = Release|Any CPU
		{39A94051-13DA-4F0B-86E3-4A6CDC4A9D08}.Release|Any CPU.Build.0 = Release|Any CPU
		{39A94051-13DA-4F0B-86E3-4A6CDC4A9D08}.Release|x64.ActiveCfg = Release|Any CPU
		{39A94051-13DA-4F0B-86E3-4A6CDC4A9D08}.Release|x64.Build.0 = Release|Any CPU
		{39A94051-13DA-4F0B-86E3-4A6CDC4A9D08}.Release|x86.ActiveCfg = Release|Any CPU
		{39A94051-13DA-4F0B-86E3-4A6CDC4A9D08}.Release|x86.Build.0 = Release|Any CPU
		{0607D40D-87E4-4CCF-9A96-411E7730330C}.Debug|Any CPU.ActiveCfg = Debug|Any CPU
		{0607D40D-87E4-4CCF-9A96-411E7730330C}.Debug|Any CPU.Build.0 = Debug|Any CPU
		{0607D40D-87E4-4CCF-9A96-411E7730330C}.Debug|x64.ActiveCfg = Debug|Any CPU
		{0607D40D-87E4-4CCF-9A96-411E7730330C}.Debug|x64.Build.0 = Debug|Any CPU
		{0607D40D-87E4-4CCF-9A96-411E7730330C}.Debug|x86.ActiveCfg = Debug|Any CPU
		{0607D40D-87E4-4CCF-9A96-411E7730330C}.Debug|x86.Build.0 = Debug|Any CPU
		{0607D40D-87E4-4CCF-9A96-411E7730330C}.Release|Any CPU.ActiveCfg = Release|Any CPU
		{0607D40D-87E4-4CCF-9A96-411E7730330C}.Release|Any CPU.Build.0 = Release|Any CPU
		{0607D40D-87E4-4CCF-9A96-411E7730330C}.Release|x64.ActiveCfg = Release|Any CPU
		{0607D40D-87E4-4CCF-9A96-411E7730330C}.Release|x64.Build.0 = Release|Any CPU
		{0607D40D-87E4-4CCF-9A96-411E7730330C}.Release|x86.ActiveCfg = Release|Any CPU
		{0607D40D-87E4-4CCF-9A96-411E7730330C}.Release|x86.Build.0 = Release|Any CPU
		{41C2A3D3-3451-4218-9D42-41622368D01F}.Debug|Any CPU.ActiveCfg = Debug|Any CPU
		{41C2A3D3-3451-4218-9D42-41622368D01F}.Debug|Any CPU.Build.0 = Debug|Any CPU
		{41C2A3D3-3451-4218-9D42-41622368D01F}.Debug|x64.ActiveCfg = Debug|Any CPU
		{41C2A3D3-3451-4218-9D42-41622368D01F}.Debug|x64.Build.0 = Debug|Any CPU
		{41C2A3D3-3451-4218-9D42-41622368D01F}.Debug|x86.ActiveCfg = Debug|Any CPU
		{41C2A3D3-3451-4218-9D42-41622368D01F}.Debug|x86.Build.0 = Debug|Any CPU
		{41C2A3D3-3451-4218-9D42-41622368D01F}.Release|Any CPU.ActiveCfg = Release|Any CPU
		{41C2A3D3-3451-4218-9D42-41622368D01F}.Release|Any CPU.Build.0 = Release|Any CPU
		{41C2A3D3-3451-4218-9D42-41622368D01F}.Release|x64.ActiveCfg = Release|Any CPU
		{41C2A3D3-3451-4218-9D42-41622368D01F}.Release|x64.Build.0 = Release|Any CPU
		{41C2A3D3-3451-4218-9D42-41622368D01F}.Release|x86.ActiveCfg = Release|Any CPU
		{41C2A3D3-3451-4218-9D42-41622368D01F}.Release|x86.Build.0 = Release|Any CPU
		{CLOUD001-0000-0000-0000-000000000001}.Debug|Any CPU.ActiveCfg = Debug|Any CPU
		{CLOUD001-0000-0000-0000-000000000001}.Debug|Any CPU.Build.0 = Debug|Any CPU
		{CLOUD001-0000-0000-0000-000000000001}.Debug|x64.ActiveCfg = Debug|Any CPU
		{CLOUD001-0000-0000-0000-000000000001}.Debug|x64.Build.0 = Debug|Any CPU
		{CLOUD001-0000-0000-0000-000000000001}.Debug|x86.ActiveCfg = Debug|Any CPU
		{CLOUD001-0000-0000-0000-000000000001}.Debug|x86.Build.0 = Debug|Any CPU
		{CLOUD001-0000-0000-0000-000000000001}.Release|Any CPU.ActiveCfg = Release|Any CPU
		{CLOUD001-0000-0000-0000-000000000001}.Release|Any CPU.Build.0 = Release|Any CPU
		{CLOUD001-0000-0000-0000-000000000001}.Release|x64.ActiveCfg = Release|Any CPU
		{CLOUD001-0000-0000-0000-000000000001}.Release|x64.Build.0 = Release|Any CPU
		{CLOUD001-0000-0000-0000-000000000001}.Release|x86.ActiveCfg = Release|Any CPU
		{CLOUD001-0000-0000-0000-000000000001}.Release|x86.Build.0 = Release|Any CPU
		{CLOUD002-0000-0000-0000-000000000002}.Debug|Any CPU.ActiveCfg = Debug|Any CPU
		{CLOUD002-0000-0000-0000-000000000002}.Debug|Any CPU.Build.0 = Debug|Any CPU
		{CLOUD002-0000-0000-0000-000000000002}.Debug|x64.ActiveCfg = Debug|Any CPU
		{CLOUD002-0000-0000-0000-000000000002}.Debug|x64.Build.0 = Debug|Any CPU
		{CLOUD002-0000-0000-0000-000000000002}.Debug|x86.ActiveCfg = Debug|Any CPU
		{CLOUD002-0000-0000-0000-000000000002}.Debug|x86.Build.0 = Debug|Any CPU
		{CLOUD002-0000-0000-0000-000000000002}.Release|Any CPU.ActiveCfg = Release|Any CPU
		{CLOUD002-0000-0000-0000-000000000002}.Release|Any CPU.Build.0 = Release|Any CPU
		{CLOUD002-0000-0000-0000-000000000002}.Release|x64.ActiveCfg = Release|Any CPU
		{CLOUD002-0000-0000-0000-000000000002}.Release|x64.Build.0 = Release|Any CPU
		{CLOUD002-0000-0000-0000-000000000002}.Release|x86.ActiveCfg = Release|Any CPU
		{CLOUD002-0000-0000-0000-000000000002}.Release|x86.Build.0 = Release|Any CPU
		{CLOUD003-0000-0000-0000-000000000003}.Debug|Any CPU.ActiveCfg = Debug|Any CPU
		{CLOUD003-0000-0000-0000-000000000003}.Debug|Any CPU.Build.0 = Debug|Any CPU
		{CLOUD003-0000-0000-0000-000000000003}.Debug|x64.ActiveCfg = Debug|Any CPU
		{CLOUD003-0000-0000-0000-000000000003}.Debug|x64.Build.0 = Debug|Any CPU
		{CLOUD003-0000-0000-0000-000000000003}.Debug|x86.ActiveCfg = Debug|Any CPU
		{CLOUD003-0000-0000-0000-000000000003}.Debug|x86.Build.0 = Debug|Any CPU
		{CLOUD003-0000-0000-0000-000000000003}.Release|Any CPU.ActiveCfg = Release|Any CPU
		{CLOUD003-0000-0000-0000-000000000003}.Release|Any CPU.Build.0 = Release|Any CPU
		{CLOUD003-0000-0000-0000-000000000003}.Release|x64.ActiveCfg = Release|Any CPU
		{CLOUD003-0000-0000-0000-000000000003}.Release|x64.Build.0 = Release|Any CPU
		{CLOUD003-0000-0000-0000-000000000003}.Release|x86.ActiveCfg = Release|Any CPU
		{CLOUD003-0000-0000-0000-000000000003}.Release|x86.Build.0 = Release|Any CPU
		{CLOUD004-0000-0000-0000-000000000004}.Debug|Any CPU.ActiveCfg = Debug|Any CPU
		{CLOUD004-0000-0000-0000-000000000004}.Debug|Any CPU.Build.0 = Debug|Any CPU
		{CLOUD004-0000-0000-0000-000000000004}.Debug|x64.ActiveCfg = Debug|Any CPU
		{CLOUD004-0000-0000-0000-000000000004}.Debug|x64.Build.0 = Debug|Any CPU
		{CLOUD004-0000-0000-0000-000000000004}.Debug|x86.ActiveCfg = Debug|Any CPU
		{CLOUD004-0000-0000-0000-000000000004}.Debug|x86.Build.0 = Debug|Any CPU
		{CLOUD004-0000-0000-0000-000000000004}.Release|Any CPU.ActiveCfg = Release|Any CPU
		{CLOUD004-0000-0000-0000-000000000004}.Release|Any CPU.Build.0 = Release|Any CPU
		{CLOUD004-0000-0000-0000-000000000004}.Release|x64.ActiveCfg = Release|Any CPU
		{CLOUD004-0000-0000-0000-000000000004}.Release|x64.Build.0 = Release|Any CPU
		{CLOUD004-0000-0000-0000-000000000004}.Release|x86.ActiveCfg = Release|Any CPU
		{CLOUD004-0000-0000-0000-000000000004}.Release|x86.Build.0 = Release|Any CPU
		{CLOUD005-0000-0000-0000-000000000005}.Debug|Any CPU.ActiveCfg = Debug|Any CPU
		{CLOUD005-0000-0000-0000-000000000005}.Debug|Any CPU.Build.0 = Debug|Any CPU
		{CLOUD005-0000-0000-0000-000000000005}.Debug|x64.ActiveCfg = Debug|Any CPU
		{CLOUD005-0000-0000-0000-000000000005}.Debug|x64.Build.0 = Debug|Any CPU
		{CLOUD005-0000-0000-0000-000000000005}.Debug|x86.ActiveCfg = Debug|Any CPU
		{CLOUD005-0000-0000-0000-000000000005}.Debug|x86.Build.0 = Debug|Any CPU
		{CLOUD005-0000-0000-0000-000000000005}.Release|Any CPU.ActiveCfg = Release|Any CPU
		{CLOUD005-0000-0000-0000-000000000005}.Release|Any CPU.Build.0 = Release|Any CPU
		{CLOUD005-0000-0000-0000-000000000005}.Release|x64.ActiveCfg = Release|Any CPU
		{CLOUD005-0000-0000-0000-000000000005}.Release|x64.Build.0 = Release|Any CPU
		{CLOUD005-0000-0000-0000-000000000005}.Release|x86.ActiveCfg = Release|Any CPU
		{CLOUD005-0000-0000-0000-000000000005}.Release|x86.Build.0 = Release|Any CPU
		{CLOUDTEST-0000-0000-0000-000000000001}.Debug|Any CPU.ActiveCfg = Debug|Any CPU
		{CLOUDTEST-0000-0000-0000-000000000001}.Debug|Any CPU.Build.0 = Debug|Any CPU
		{CLOUDTEST-0000-0000-0000-000000000001}.Debug|x64.ActiveCfg = Debug|Any CPU
		{CLOUDTEST-0000-0000-0000-000000000001}.Debug|x64.Build.0 = Debug|Any CPU
		{CLOUDTEST-0000-0000-0000-000000000001}.Debug|x86.ActiveCfg = Debug|Any CPU
		{CLOUDTEST-0000-0000-0000-000000000001}.Debug|x86.Build.0 = Debug|Any CPU
		{CLOUDTEST-0000-0000-0000-000000000001}.Release|Any CPU.ActiveCfg = Release|Any CPU
		{CLOUDTEST-0000-0000-0000-000000000001}.Release|Any CPU.Build.0 = Release|Any CPU
		{CLOUDTEST-0000-0000-0000-000000000001}.Release|x64.ActiveCfg = Release|Any CPU
		{CLOUDTEST-0000-0000-0000-000000000001}.Release|x64.Build.0 = Release|Any CPU
		{CLOUDTEST-0000-0000-0000-000000000001}.Release|x86.ActiveCfg = Release|Any CPU
		{CLOUDTEST-0000-0000-0000-000000000001}.Release|x86.Build.0 = Release|Any CPU
		{CLOUDTEST-0000-0000-0000-000000000002}.Debug|Any CPU.ActiveCfg = Debug|Any CPU
		{CLOUDTEST-0000-0000-0000-000000000002}.Debug|Any CPU.Build.0 = Debug|Any CPU
		{CLOUDTEST-0000-0000-0000-000000000002}.Debug|x64.ActiveCfg = Debug|Any CPU
		{CLOUDTEST-0000-0000-0000-000000000002}.Debug|x64.Build.0 = Debug|Any CPU
		{CLOUDTEST-0000-0000-0000-000000000002}.Debug|x86.ActiveCfg = Debug|Any CPU
		{CLOUDTEST-0000-0000-0000-000000000002}.Debug|x86.Build.0 = Debug|Any CPU
		{CLOUDTEST-0000-0000-0000-000000000002}.Release|Any CPU.ActiveCfg = Release|Any CPU
		{CLOUDTEST-0000-0000-0000-000000000002}.Release|Any CPU.Build.0 = Release|Any CPU
		{CLOUDTEST-0000-0000-0000-000000000002}.Release|x64.ActiveCfg = Release|Any CPU
		{CLOUDTEST-0000-0000-0000-000000000002}.Release|x64.Build.0 = Release|Any CPU
		{CLOUDTEST-0000-0000-0000-000000000002}.Release|x86.ActiveCfg = Release|Any CPU
		{CLOUDTEST-0000-0000-0000-000000000002}.Release|x86.Build.0 = Release|Any CPU
		{CLOUDTEST-0000-0000-0000-000000000003}.Debug|Any CPU.ActiveCfg = Debug|Any CPU
		{CLOUDTEST-0000-0000-0000-000000000003}.Debug|Any CPU.Build.0 = Debug|Any CPU
		{CLOUDTEST-0000-0000-0000-000000000003}.Debug|x64.ActiveCfg = Debug|Any CPU
		{CLOUDTEST-0000-0000-0000-000000000003}.Debug|x64.Build.0 = Debug|Any CPU
		{CLOUDTEST-0000-0000-0000-000000000003}.Debug|x86.ActiveCfg = Debug|Any CPU
		{CLOUDTEST-0000-0000-0000-000000000003}.Debug|x86.Build.0 = Debug|Any CPU
		{CLOUDTEST-0000-0000-0000-000000000003}.Release|Any CPU.ActiveCfg = Release|Any CPU
		{CLOUDTEST-0000-0000-0000-000000000003}.Release|Any CPU.Build.0 = Release|Any CPU
		{CLOUDTEST-0000-0000-0000-000000000003}.Release|x64.ActiveCfg = Release|Any CPU
		{CLOUDTEST-0000-0000-0000-000000000003}.Release|x64.Build.0 = Release|Any CPU
		{CLOUDTEST-0000-0000-0000-000000000003}.Release|x86.ActiveCfg = Release|Any CPU
		{CLOUDTEST-0000-0000-0000-000000000003}.Release|x86.Build.0 = Release|Any CPU
		{CLOUDTEST-0000-0000-0000-000000000004}.Debug|Any CPU.ActiveCfg = Debug|Any CPU
		{CLOUDTEST-0000-0000-0000-000000000004}.Debug|Any CPU.Build.0 = Debug|Any CPU
		{CLOUDTEST-0000-0000-0000-000000000004}.Debug|x64.ActiveCfg = Debug|Any CPU
		{CLOUDTEST-0000-0000-0000-000000000004}.Debug|x64.Build.0 = Debug|Any CPU
		{CLOUDTEST-0000-0000-0000-000000000004}.Debug|x86.ActiveCfg = Debug|Any CPU
		{CLOUDTEST-0000-0000-0000-000000000004}.Debug|x86.Build.0 = Debug|Any CPU
		{CLOUDTEST-0000-0000-0000-000000000004}.Release|Any CPU.ActiveCfg = Release|Any CPU
		{CLOUDTEST-0000-0000-0000-000000000004}.Release|Any CPU.Build.0 = Release|Any CPU
		{CLOUDTEST-0000-0000-0000-000000000004}.Release|x64.ActiveCfg = Release|Any CPU
		{CLOUDTEST-0000-0000-0000-000000000004}.Release|x64.Build.0 = Release|Any CPU
		{CLOUDTEST-0000-0000-0000-000000000004}.Release|x86.ActiveCfg = Release|Any CPU
		{CLOUDTEST-0000-0000-0000-000000000004}.Release|x86.Build.0 = Release|Any CPU
	EndGlobalSection
	GlobalSection(SolutionProperties) = preSolution
		HideSolutionNode = FALSE
	EndGlobalSection
	GlobalSection(NestedProjects) = preSolution
		{8D626EA8-CB54-BC41-363A-217881BEBA6E} = {827E0CD3-B72D-47B6-A68D-7590B98EB39B}
		{7A961BEF-49A4-4907-A536-A4D01926CDB8} = {8D626EA8-CB54-BC41-363A-217881BEBA6E}
		{FFBE31B8-50B9-B415-22BC-2F92C97CADA3} = {827E0CD3-B72D-47B6-A68D-7590B98EB39B}
		{66F10EEC-D02F-46FD-8441-272AE7B4BC12} = {FFBE31B8-50B9-B415-22BC-2F92C97CADA3}
		{C5DCBE9A-72BD-4288-BA8D-B35E66EB8EFA} = {FFBE31B8-50B9-B415-22BC-2F92C97CADA3}
		{A1B2C3D4-E5F6-7890-ABCD-EF1234567890} = {FFBE31B8-50B9-B415-22BC-2F92C97CADA3}
		{F489E2D5-C65D-9AA9-2B96-C7DF79630172} = {827E0CD3-B72D-47B6-A68D-7590B98EB39B}
		{3C0D5277-502A-473B-B3C8-498C13721E2D} = {F489E2D5-C65D-9AA9-2B96-C7DF79630172}
		{43EF203C-41AC-4DEB-A003-F5D0E32378B1} = {F489E2D5-C65D-9AA9-2B96-C7DF79630172}
		{D87F64FC-77E7-48EB-B9AF-B28F6BA871FA} = {827E0CD3-B72D-47B6-A68D-7590B98EB39B}
		{A8E4C87B-59B3-446C-9028-CF17FE0B9E9A} = {D87F64FC-77E7-48EB-B9AF-B28F6BA871FA}
		{51B637F8-9C04-5803-F48E-8CB9352021B0} = {827E0CD3-B72D-47B6-A68D-7590B98EB39B}
		{1E8DEE01-AEED-457C-9556-1A653DC4126E} = {51B637F8-9C04-5803-F48E-8CB9352021B0}
		{EDF2BF46-81E2-A5E6-BE76-B883454BFB8E} = {0AB3BF05-4346-4AA6-1389-037BE0695223}
		{2CA0E00D-A925-496D-9683-C08D8073FFF9} = {EDF2BF46-81E2-A5E6-BE76-B883454BFB8E}
		{DB995D58-F81A-48FF-A28B-C02F903768BA} = {EDF2BF46-81E2-A5E6-BE76-B883454BFB8E}
		{7D613B3F-FE61-4A88-8984-A01247C2185C} = {827E0CD3-B72D-47B6-A68D-7590B98EB39B}
		{9B989A1A-9222-4BA5-AB5B-4E3CEC5DA58F} = {827E0CD3-B72D-47B6-A68D-7590B98EB39B}
		{478EB99E-04D1-47DF-A205-1754B7CD6CE6} = {FFBE31B8-50B9-B415-22BC-2F92C97CADA3}
		{D5AB0AC6-0D09-4D61-837C-AC1C043E3B97} = {51B637F8-9C04-5803-F48E-8CB9352021B0}
		{D0D6B8B0-AC35-B3FA-0B96-A9B0E4A3253E} = {0AB3BF05-4346-4AA6-1389-037BE0695223}
		{5128C177-3316-4ADE-98F3-1B443F9586BD} = {D0D6B8B0-AC35-B3FA-0B96-A9B0E4A3253E}
		{BBEF92C8-814B-41A5-A927-7900B4355B9C} = {D0D6B8B0-AC35-B3FA-0B96-A9B0E4A3253E}
		{B084A341-03B6-4A7F-9A43-0321CF2106DE} = {D0D6B8B0-AC35-B3FA-0B96-A9B0E4A3253E}
		{581C1AFC-A79E-7578-3E64-521365DC72E1} = {827E0CD3-B72D-47B6-A68D-7590B98EB39B}
		{EF004444-0BB7-4D16-B601-47AD6CA55354} = {581C1AFC-A79E-7578-3E64-521365DC72E1}
		{47423DF4-5F46-6F55-D698-B9AE53641A92} = {0AB3BF05-4346-4AA6-1389-037BE0695223}
		{7BE7F9C3-978A-4DCE-A993-E937938BD3A0} = {47423DF4-5F46-6F55-D698-B9AE53641A92}
		{875CD587-DE2F-08EE-74FB-D6BE4E474EF3} = {0AB3BF05-4346-4AA6-1389-037BE0695223}
		{8649546E-28ED-4BE5-92BD-7ED85ABDAF2B} = {875CD587-DE2F-08EE-74FB-D6BE4E474EF3}
		{6F854DF2-EE38-4263-8C49-C900CADD3912} = {581C1AFC-A79E-7578-3E64-521365DC72E1}
		{FA45E2E7-B0E3-4466-BCFB-0055981CC1E2} = {47423DF4-5F46-6F55-D698-B9AE53641A92}
		{49FB440B-60BA-407A-9D5D-44D9ED291374} = {581C1AFC-A79E-7578-3E64-521365DC72E1}
		{E6B0937C-F7B0-42B0-8F1B-9B860DDD8983} = {D87F64FC-77E7-48EB-B9AF-B28F6BA871FA}
		{008CC80A-8923-4C12-987C-6886B1411787} = {D87F64FC-77E7-48EB-B9AF-B28F6BA871FA}
		{236638D4-ADB0-42CC-B2B6-6DF8587E26BC} = {D87F64FC-77E7-48EB-B9AF-B28F6BA871FA}
		{7966647C-4D65-498C-9B37-799833901A6C} = {D87F64FC-77E7-48EB-B9AF-B28F6BA871FA}
		{623AA881-9E9D-4E91-9760-2B4AFF1F894D} = {D87F64FC-77E7-48EB-B9AF-B28F6BA871FA}
		{5E43A3AE-5363-4FA1-81B2-A9E65AACF5A6} = {D87F64FC-77E7-48EB-B9AF-B28F6BA871FA}
		{9466CF22-AECB-499D-811C-203586268BF4} = {FFBE31B8-50B9-B415-22BC-2F92C97CADA3}
		{9048EB7F-3875-A59E-E36B-5BD4C6F2A282} = {827E0CD3-B72D-47B6-A68D-7590B98EB39B}
		{D0142C1A-BE66-42F6-9C7A-11151E27ACD7} = {9048EB7F-3875-A59E-E36B-5BD4C6F2A282}
		{F461D74E-9B01-4F50-9015-2D7D55069218} = {D87F64FC-77E7-48EB-B9AF-B28F6BA871FA}
		{0BBE7088-7CBC-971A-0DFF-8D023E1EA1B7} = {0AB3BF05-4346-4AA6-1389-037BE0695223}
		{798D0332-8075-0A3E-830B-49E9E13DD81D} = {0BBE7088-7CBC-971A-0DFF-8D023E1EA1B7}
		{AF6075DB-343C-4B5C-ABE0-E956087346D7} = {798D0332-8075-0A3E-830B-49E9E13DD81D}
		{251FA40C-AC2F-1119-6E2C-255695F88EFF} = {0AB3BF05-4346-4AA6-1389-037BE0695223}
		{26A5300D-3357-658B-9A50-20F48DC3BBD5} = {251FA40C-AC2F-1119-6E2C-255695F88EFF}
		{C79E7FEC-7EF3-4336-A5A9-6D0877B06ED4} = {26A5300D-3357-658B-9A50-20F48DC3BBD5}
		{FC4A65F8-250B-2487-3016-E32363CA7656} = {251FA40C-AC2F-1119-6E2C-255695F88EFF}
		{BB136EC4-8013-46D4-9807-79649908B2C6} = {FC4A65F8-250B-2487-3016-E32363CA7656}
		{2F8177D5-5B23-02B5-44A4-2C959463D4C0} = {251FA40C-AC2F-1119-6E2C-255695F88EFF}
		{1226E067-F325-4181-9B07-A9D6BEE700CD} = {2F8177D5-5B23-02B5-44A4-2C959463D4C0}
		{6876EAB9-50FA-1996-D1B7-5D2F876C22A0} = {D87F64FC-77E7-48EB-B9AF-B28F6BA871FA}
		{3EC44D1F-4BC5-436D-804C-DB11C4FB8B66} = {6876EAB9-50FA-1996-D1B7-5D2F876C22A0}
		{4DF80442-A1E5-CC28-AE7B-27B5F9BFE52B} = {827E0CD3-B72D-47B6-A68D-7590B98EB39B}
		{A1B2C3D4-E5F6-7890-ABCD-111111111111} = {4DF80442-A1E5-CC28-AE7B-27B5F9BFE52B}
		{A1B2C3D4-E5F6-7890-ABCD-222222222222} = {4DF80442-A1E5-CC28-AE7B-27B5F9BFE52B}
		{A1B2C3D4-E5F6-7890-ABCD-333333333333} = {4DF80442-A1E5-CC28-AE7B-27B5F9BFE52B}
		{A1B2C3D4-E5F6-7890-ABCD-444444444444} = {4DF80442-A1E5-CC28-AE7B-27B5F9BFE52B}
		{12736810-4429-9D8E-85DD-3F707F0EC693} = {4DF80442-A1E5-CC28-AE7B-27B5F9BFE52B}
		{1C190D79-F182-42D1-8EF1-A350446DCE49} = {26A5300D-3357-658B-9A50-20F48DC3BBD5}
		{2E3142C6-3A8D-11B8-5A6A-7C905B1E94C2} = {827E0CD3-B72D-47B6-A68D-7590B98EB39B}
		{195994BC-79B0-ADC0-8600-99211F231922} = {D87F64FC-77E7-48EB-B9AF-B28F6BA871FA}
		{3A2FDE6F-E2EC-AEFE-F2FE-62ADD2F21E76} = {D87F64FC-77E7-48EB-B9AF-B28F6BA871FA}
		{505CDE60-D4D9-3E67-A621-7AA07E995066} = {251FA40C-AC2F-1119-6E2C-255695F88EFF}
		{74DE3B49-AE5A-4970-8286-5430B9F33953} = {505CDE60-D4D9-3E67-A621-7AA07E995066}
		{80549697-AB5F-E02D-0E96-AED805108F3B} = {D87F64FC-77E7-48EB-B9AF-B28F6BA871FA}
		{59826750-BB9D-46FD-826A-C8AE354A899B} = {FC4A65F8-250B-2487-3016-E32363CA7656}
		{F5094821-9871-34D7-BED3-D998F1DB5D37} = {D87F64FC-77E7-48EB-B9AF-B28F6BA871FA}
		{33E4629D-EB22-21C6-3860-1A7A1A919602} = {251FA40C-AC2F-1119-6E2C-255695F88EFF}
		{39A94051-13DA-4F0B-86E3-4A6CDC4A9D08} = {33E4629D-EB22-21C6-3860-1A7A1A919602}
		{0607D40D-87E4-4CCF-9A96-411E7730330C} = {FFBE31B8-50B9-B415-22BC-2F92C97CADA3}
		{EFE0FC4C-47D2-F8B3-A32D-0D62F799926D} = {D87F64FC-77E7-48EB-B9AF-B28F6BA871FA}
		{AAAEE561-01A6-B488-E9A8-E7DBFD0ACC79} = {4DF80442-A1E5-CC28-AE7B-27B5F9BFE52B}
		{02B984C7-9DC1-09CC-3C1D-9D2FF1AAD0E1} = {251FA40C-AC2F-1119-6E2C-255695F88EFF}
		{41C2A3D3-3451-4218-9D42-41622368D01F} = {02B984C7-9DC1-09CC-3C1D-9D2FF1AAD0E1}
		{A1B2C3D4-E5F6-7890-ABCD-CLOUD0000000} = {827E0CD3-B72D-47B6-A68D-7590B98EB39B}
		{CLOUD001-0000-0000-0000-000000000001} = {A1B2C3D4-E5F6-7890-ABCD-CLOUD0000000}
		{CLOUD002-0000-0000-0000-000000000002} = {A1B2C3D4-E5F6-7890-ABCD-CLOUD0000000}
		{CLOUD003-0000-0000-0000-000000000003} = {A1B2C3D4-E5F6-7890-ABCD-CLOUD0000000}
		{CLOUD004-0000-0000-0000-000000000004} = {A1B2C3D4-E5F6-7890-ABCD-CLOUD0000000}
		{CLOUD005-0000-0000-0000-000000000005} = {A1B2C3D4-E5F6-7890-ABCD-CLOUD0000000}
		{CLOUDTESTS-0000-0000-0000-000000000000} = {0AB3BF05-4346-4AA6-1389-037BE0695223}
		{CLOUDTEST-0000-0000-0000-000000000001} = {CLOUDTESTS-0000-0000-0000-000000000000}
		{CLOUDTEST-0000-0000-0000-000000000002} = {CLOUDTESTS-0000-0000-0000-000000000000}
		{CLOUDTEST-0000-0000-0000-000000000003} = {CLOUDTESTS-0000-0000-0000-000000000000}
		{CLOUDTEST-0000-0000-0000-000000000004} = {CLOUDTESTS-0000-0000-0000-000000000000}
	EndGlobalSection
EndGlobal
