
Microsoft Visual Studio Solution File, Format Version 12.00
# Visual Studio Version 17
VisualStudioVersion = 17.0.31903.59
MinimumVisualStudioVersion = 10.0.40219.1
Project("{2150E333-8FDC-42A3-9474-1A3956D46DE8}") = "src", "src", "{827E0CD3-B72D-47B6-A68D-7590B98EB39B}"
EndProject
Project("{2150E333-8FDC-42A3-9474-1A3956D46DE8}") = "Core", "Core", "{8D626EA8-CB54-BC41-363A-217881BEBA6E}"
EndProject
Project("{FAE04EC0-301F-11D3-BF4B-00C04F79EFBC}") = "Ghostwright", "src\Core\Ghostwright\Ghostwright.csproj", "{7A961BEF-49A4-4907-A536-A4D01926CDB8}"
EndProject
Project("{2150E333-8FDC-42A3-9474-1A3956D46DE8}") = "Contracts", "Contracts", "{FFBE31B8-50B9-B415-22BC-2F92C97CADA3}"
EndProject
Project("{FAE04EC0-301F-11D3-BF4B-00C04F79EFBC}") = "Ghostwright.Contracts", "src\Contracts\Ghostwright.Contracts\Ghostwright.Contracts.csproj", "{66F10EEC-D02F-46FD-8441-272AE7B4BC12}"
EndProject
Project("{FAE04EC0-301F-11D3-BF4B-00C04F79EFBC}") = "Ghostwright.Contracts.Inference", "src\Contracts\Ghostwright.Contracts.Inference\Ghostwright.Contracts.Inference.csproj", "{C5DCBE9A-72BD-4288-BA8D-B35E66EB8EFA}"
EndProject
Project("{2150E333-8FDC-42A3-9474-1A3956D46DE8}") = "Platforms", "Platforms", "{82099983-647E-F067-E69A-CD800643A918}"
EndProject
Project("{FAE04EC0-301F-11D3-BF4B-00C04F79EFBC}") = "Ghostwright.Platform.Anthropic", "src\Platforms\Ghostwright.Platform.Anthropic\Ghostwright.Platform.Anthropic.csproj", "{EB99B5A8-1713-4093-B8DB-980BEC1090BE}"
EndProject
Project("{FAE04EC0-301F-11D3-BF4B-00C04F79EFBC}") = "Ghostwright.Platform.OpenAI", "src\Platforms\Ghostwright.Platform.OpenAI\Ghostwright.Platform.OpenAI.csproj", "{723796C5-B8A9-4315-A86C-803378318A21}"
EndProject
Project("{FAE04EC0-301F-11D3-BF4B-00C04F79EFBC}") = "Ghostwright.Platform.Google", "src\Platforms\Ghostwright.Platform.Google\Ghostwright.Platform.Google.csproj", "{8C040123-E92F-46CE-A24F-673A72484362}"
EndProject
Project("{FAE04EC0-301F-11D3-BF4B-00C04F79EFBC}") = "Ghostwright.Platform.LinkedIn", "src\Platforms\Ghostwright.Platform.LinkedIn\Ghostwright.Platform.LinkedIn.csproj", "{99D9901F-20C8-49A3-A9D6-42BD2BB4FFC5}"
EndProject
Project("{2150E333-8FDC-42A3-9474-1A3956D46DE8}") = "Hosting", "Hosting", "{F489E2D5-C65D-9AA9-2B96-C7DF79630172}"
EndProject
Project("{FAE04EC0-301F-11D3-BF4B-00C04F79EFBC}") = "Ghostwright.Hosting", "src\Hosting\Ghostwright.Hosting\Ghostwright.Hosting.csproj", "{3C0D5277-502A-473B-B3C8-498C13721E2D}"
EndProject
Project("{FAE04EC0-301F-11D3-BF4B-00C04F79EFBC}") = "Ghostwright.Hosting.WebApi", "src\Hosting\Ghostwright.Hosting.WebApi\Ghostwright.Hosting.WebApi.csproj", "{43EF203C-41AC-4DEB-A003-F5D0E32378B1}"
EndProject
Project("{2150E333-8FDC-42A3-9474-1A3956D46DE8}") = "Sdk", "Sdk", "{51B637F8-9C04-5803-F48E-8CB9352021B0}"
EndProject
Project("{FAE04EC0-301F-11D3-BF4B-00C04F79EFBC}") = "Ghostwright.Sdk", "src\Sdk\Ghostwright.Sdk\Ghostwright.Sdk.csproj", "{1E8DEE01-AEED-457C-9556-1A653DC4126E}"
EndProject
Project("{FAE04EC0-301F-11D3-BF4B-00C04F79EFBC}") = "Ghostwright.Sample.Console", "samples\Ghostwright.Sample.Console\Ghostwright.Sample.Console.csproj", "{AFA88618-CA86-44CE-9EDC-DDCABFCC27D4}"
EndProject
Project("{2150E333-8FDC-42A3-9474-1A3956D46DE8}") = "tests", "tests", "{0AB3BF05-4346-4AA6-1389-037BE0695223}"
EndProject
Project("{2150E333-8FDC-42A3-9474-1A3956D46DE8}") = "Core", "Core", "{5C35D9BE-388A-8745-CD5F-BB8E361A8720}"
EndProject
Project("{FAE04EC0-301F-11D3-BF4B-00C04F79EFBC}") = "Ghostwright.Tests", "tests\Core\Ghostwright.Tests\Ghostwright.Tests.csproj", "{8F2E2929-4E65-4A0A-B8ED-58A7229F5536}"
EndProject
Project("{2150E333-8FDC-42A3-9474-1A3956D46DE8}") = "Contracts", "Contracts", "{EDF2BF46-81E2-A5E6-BE76-B883454BFB8E}"
EndProject
Project("{FAE04EC0-301F-11D3-BF4B-00C04F79EFBC}") = "Ghostwright.Contracts.Tests", "tests\Contracts\Ghostwright.Contracts.Tests\Ghostwright.Contracts.Tests.csproj", "{2CA0E00D-A925-496D-9683-C08D8073FFF9}"
EndProject
Project("{FAE04EC0-301F-11D3-BF4B-00C04F79EFBC}") = "Ghostwright.Contracts.Inference.Tests", "tests\Contracts\Ghostwright.Contracts.Inference.Tests\Ghostwright.Contracts.Inference.Tests.csproj", "{DB995D58-F81A-48FF-A28B-C02F903768BA}"
EndProject
Project("{2150E333-8FDC-42A3-9474-1A3956D46DE8}") = "Hosting", "Hosting", "{2A5903AA-195D-83FB-6F94-018C32AA5AC8}"
EndProject
Project("{FAE04EC0-301F-11D3-BF4B-00C04F79EFBC}") = "Ghostwright.Hosting.Tests", "tests\Hosting\Ghostwright.Hosting.Tests\Ghostwright.Hosting.Tests.csproj", "{75DE254C-2B44-4E31-9B9F-6C3DD8F5A3F0}"
EndProject
Project("{2150E333-8FDC-42A3-9474-1A3956D46DE8}") = "Platforms", "Platforms", "{3074E563-20D1-8CCA-24EE-526153D49D6A}"
EndProject
Project("{FAE04EC0-301F-11D3-BF4B-00C04F79EFBC}") = "Ghostwright.Platform.OpenAI.Tests", "tests\Platforms\Ghostwright.Platform.OpenAI.Tests\Ghostwright.Platform.OpenAI.Tests.csproj", "{C11DE628-19A2-4614-AF64-0057A2047B10}"
EndProject
Project("{FAE04EC0-301F-11D3-BF4B-00C04F79EFBC}") = "Ghostwright.Platform.Google.Tests", "tests\Platforms\Ghostwright.Platform.Google.Tests\Ghostwright.Platform.Google.Tests.csproj", "{BF17D4E2-E9EB-4C06-80F8-84FF9C8C26E4}"
EndProject
Project("{FAE04EC0-301F-11D3-BF4B-00C04F79EFBC}") = "Ghostwright.Platform.LinkedIn.Tests", "tests\Platforms\Ghostwright.Platform.LinkedIn.Tests\Ghostwright.Platform.LinkedIn.Tests.csproj", "{7BC91500-683F-4DA9-BE99-2CE172F30473}"
EndProject
Project("{FAE04EC0-301F-11D3-BF4B-00C04F79EFBC}") = "Ghostwright.Platform.Anthropic.Tests", "tests\Platforms\Ghostwright.Platform.Anthropic.Tests\Ghostwright.Platform.Anthropic.Tests.csproj", "{3634E1F1-D45B-459B-B1AA-6297CBC7C9DE}"
EndProject
Global
	GlobalSection(SolutionConfigurationPlatforms) = preSolution
		Debug|Any CPU = Debug|Any CPU
		Debug|x64 = Debug|x64
		Debug|x86 = Debug|x86
		Release|Any CPU = Release|Any CPU
		Release|x64 = Release|x64
		Release|x86 = Release|x86
	EndGlobalSection
	GlobalSection(ProjectConfigurationPlatforms) = postSolution
		{7A961BEF-49A4-4907-A536-A4D01926CDB8}.Debug|Any CPU.ActiveCfg = Debug|Any CPU
		{7A961BEF-49A4-4907-A536-A4D01926CDB8}.Debug|Any CPU.Build.0 = Debug|Any CPU
		{7A961BEF-49A4-4907-A536-A4D01926CDB8}.Debug|x64.ActiveCfg = Debug|Any CPU
		{7A961BEF-49A4-4907-A536-A4D01926CDB8}.Debug|x64.Build.0 = Debug|Any CPU
		{7A961BEF-49A4-4907-A536-A4D01926CDB8}.Debug|x86.ActiveCfg = Debug|Any CPU
		{7A961BEF-49A4-4907-A536-A4D01926CDB8}.Debug|x86.Build.0 = Debug|Any CPU
		{7A961BEF-49A4-4907-A536-A4D01926CDB8}.Release|Any CPU.ActiveCfg = Release|Any CPU
		{7A961BEF-49A4-4907-A536-A4D01926CDB8}.Release|Any CPU.Build.0 = Release|Any CPU
		{7A961BEF-49A4-4907-A536-A4D01926CDB8}.Release|x64.ActiveCfg = Release|Any CPU
		{7A961BEF-49A4-4907-A536-A4D01926CDB8}.Release|x64.Build.0 = Release|Any CPU
		{7A961BEF-49A4-4907-A536-A4D01926CDB8}.Release|x86.ActiveCfg = Release|Any CPU
		{7A961BEF-49A4-4907-A536-A4D01926CDB8}.Release|x86.Build.0 = Release|Any CPU
		{66F10EEC-D02F-46FD-8441-272AE7B4BC12}.Debug|Any CPU.ActiveCfg = Debug|Any CPU
		{66F10EEC-D02F-46FD-8441-272AE7B4BC12}.Debug|Any CPU.Build.0 = Debug|Any CPU
		{66F10EEC-D02F-46FD-8441-272AE7B4BC12}.Debug|x64.ActiveCfg = Debug|Any CPU
		{66F10EEC-D02F-46FD-8441-272AE7B4BC12}.Debug|x64.Build.0 = Debug|Any CPU
		{66F10EEC-D02F-46FD-8441-272AE7B4BC12}.Debug|x86.ActiveCfg = Debug|Any CPU
		{66F10EEC-D02F-46FD-8441-272AE7B4BC12}.Debug|x86.Build.0 = Debug|Any CPU
		{66F10EEC-D02F-46FD-8441-272AE7B4BC12}.Release|Any CPU.ActiveCfg = Release|Any CPU
		{66F10EEC-D02F-46FD-8441-272AE7B4BC12}.Release|Any CPU.Build.0 = Release|Any CPU
		{66F10EEC-D02F-46FD-8441-272AE7B4BC12}.Release|x64.ActiveCfg = Release|Any CPU
		{66F10EEC-D02F-46FD-8441-272AE7B4BC12}.Release|x64.Build.0 = Release|Any CPU
		{66F10EEC-D02F-46FD-8441-272AE7B4BC12}.Release|x86.ActiveCfg = Release|Any CPU
		{66F10EEC-D02F-46FD-8441-272AE7B4BC12}.Release|x86.Build.0 = Release|Any CPU
		{C5DCBE9A-72BD-4288-BA8D-B35E66EB8EFA}.Debug|Any CPU.ActiveCfg = Debug|Any CPU
		{C5DCBE9A-72BD-4288-BA8D-B35E66EB8EFA}.Debug|Any CPU.Build.0 = Debug|Any CPU
		{C5DCBE9A-72BD-4288-BA8D-B35E66EB8EFA}.Debug|x64.ActiveCfg = Debug|Any CPU
		{C5DCBE9A-72BD-4288-BA8D-B35E66EB8EFA}.Debug|x64.Build.0 = Debug|Any CPU
		{C5DCBE9A-72BD-4288-BA8D-B35E66EB8EFA}.Debug|x86.ActiveCfg = Debug|Any CPU
		{C5DCBE9A-72BD-4288-BA8D-B35E66EB8EFA}.Debug|x86.Build.0 = Debug|Any CPU
		{C5DCBE9A-72BD-4288-BA8D-B35E66EB8EFA}.Release|Any CPU.ActiveCfg = Release|Any CPU
		{C5DCBE9A-72BD-4288-BA8D-B35E66EB8EFA}.Release|Any CPU.Build.0 = Release|Any CPU
		{C5DCBE9A-72BD-4288-BA8D-B35E66EB8EFA}.Release|x64.ActiveCfg = Release|Any CPU
		{C5DCBE9A-72BD-4288-BA8D-B35E66EB8EFA}.Release|x64.Build.0 = Release|Any CPU
		{C5DCBE9A-72BD-4288-BA8D-B35E66EB8EFA}.Release|x86.ActiveCfg = Release|Any CPU
		{C5DCBE9A-72BD-4288-BA8D-B35E66EB8EFA}.Release|x86.Build.0 = Release|Any CPU
		{EB99B5A8-1713-4093-B8DB-980BEC1090BE}.Debug|Any CPU.ActiveCfg = Debug|Any CPU
		{EB99B5A8-1713-4093-B8DB-980BEC1090BE}.Debug|Any CPU.Build.0 = Debug|Any CPU
		{EB99B5A8-1713-4093-B8DB-980BEC1090BE}.Debug|x64.ActiveCfg = Debug|Any CPU
		{EB99B5A8-1713-4093-B8DB-980BEC1090BE}.Debug|x64.Build.0 = Debug|Any CPU
		{EB99B5A8-1713-4093-B8DB-980BEC1090BE}.Debug|x86.ActiveCfg = Debug|Any CPU
		{EB99B5A8-1713-4093-B8DB-980BEC1090BE}.Debug|x86.Build.0 = Debug|Any CPU
		{EB99B5A8-1713-4093-B8DB-980BEC1090BE}.Release|Any CPU.ActiveCfg = Release|Any CPU
		{EB99B5A8-1713-4093-B8DB-980BEC1090BE}.Release|Any CPU.Build.0 = Release|Any CPU
		{EB99B5A8-1713-4093-B8DB-980BEC1090BE}.Release|x64.ActiveCfg = Release|Any CPU
		{EB99B5A8-1713-4093-B8DB-980BEC1090BE}.Release|x64.Build.0 = Release|Any CPU
		{EB99B5A8-1713-4093-B8DB-980BEC1090BE}.Release|x86.ActiveCfg = Release|Any CPU
		{EB99B5A8-1713-4093-B8DB-980BEC1090BE}.Release|x86.Build.0 = Release|Any CPU
		{723796C5-B8A9-4315-A86C-803378318A21}.Debug|Any CPU.ActiveCfg = Debug|Any CPU
		{723796C5-B8A9-4315-A86C-803378318A21}.Debug|Any CPU.Build.0 = Debug|Any CPU
		{723796C5-B8A9-4315-A86C-803378318A21}.Debug|x64.ActiveCfg = Debug|Any CPU
		{723796C5-B8A9-4315-A86C-803378318A21}.Debug|x64.Build.0 = Debug|Any CPU
		{723796C5-B8A9-4315-A86C-803378318A21}.Debug|x86.ActiveCfg = Debug|Any CPU
		{723796C5-B8A9-4315-A86C-803378318A21}.Debug|x86.Build.0 = Debug|Any CPU
		{723796C5-B8A9-4315-A86C-803378318A21}.Release|Any CPU.ActiveCfg = Release|Any CPU
		{723796C5-B8A9-4315-A86C-803378318A21}.Release|Any CPU.Build.0 = Release|Any CPU
		{723796C5-B8A9-4315-A86C-803378318A21}.Release|x64.ActiveCfg = Release|Any CPU
		{723796C5-B8A9-4315-A86C-803378318A21}.Release|x64.Build.0 = Release|Any CPU
		{723796C5-B8A9-4315-A86C-803378318A21}.Release|x86.ActiveCfg = Release|Any CPU
		{723796C5-B8A9-4315-A86C-803378318A21}.Release|x86.Build.0 = Release|Any CPU
		{8C040123-E92F-46CE-A24F-673A72484362}.Debug|Any CPU.ActiveCfg = Debug|Any CPU
		{8C040123-E92F-46CE-A24F-673A72484362}.Debug|Any CPU.Build.0 = Debug|Any CPU
		{8C040123-E92F-46CE-A24F-673A72484362}.Debug|x64.ActiveCfg = Debug|Any CPU
		{8C040123-E92F-46CE-A24F-673A72484362}.Debug|x64.Build.0 = Debug|Any CPU
		{8C040123-E92F-46CE-A24F-673A72484362}.Debug|x86.ActiveCfg = Debug|Any CPU
		{8C040123-E92F-46CE-A24F-673A72484362}.Debug|x86.Build.0 = Debug|Any CPU
		{8C040123-E92F-46CE-A24F-673A72484362}.Release|Any CPU.ActiveCfg = Release|Any CPU
		{8C040123-E92F-46CE-A24F-673A72484362}.Release|Any CPU.Build.0 = Release|Any CPU
		{8C040123-E92F-46CE-A24F-673A72484362}.Release|x64.ActiveCfg = Release|Any CPU
		{8C040123-E92F-46CE-A24F-673A72484362}.Release|x64.Build.0 = Release|Any CPU
		{8C040123-E92F-46CE-A24F-673A72484362}.Release|x86.ActiveCfg = Release|Any CPU
		{8C040123-E92F-46CE-A24F-673A72484362}.Release|x86.Build.0 = Release|Any CPU
		{99D9901F-20C8-49A3-A9D6-42BD2BB4FFC5}.Debug|Any CPU.ActiveCfg = Debug|Any CPU
		{99D9901F-20C8-49A3-A9D6-42BD2BB4FFC5}.Debug|Any CPU.Build.0 = Debug|Any CPU
		{99D9901F-20C8-49A3-A9D6-42BD2BB4FFC5}.Debug|x64.ActiveCfg = Debug|Any CPU
		{99D9901F-20C8-49A3-A9D6-42BD2BB4FFC5}.Debug|x64.Build.0 = Debug|Any CPU
		{99D9901F-20C8-49A3-A9D6-42BD2BB4FFC5}.Debug|x86.ActiveCfg = Debug|Any CPU
		{99D9901F-20C8-49A3-A9D6-42BD2BB4FFC5}.Debug|x86.Build.0 = Debug|Any CPU
		{99D9901F-20C8-49A3-A9D6-42BD2BB4FFC5}.Release|Any CPU.ActiveCfg = Release|Any CPU
		{99D9901F-20C8-49A3-A9D6-42BD2BB4FFC5}.Release|Any CPU.Build.0 = Release|Any CPU
		{99D9901F-20C8-49A3-A9D6-42BD2BB4FFC5}.Release|x64.ActiveCfg = Release|Any CPU
		{99D9901F-20C8-49A3-A9D6-42BD2BB4FFC5}.Release|x64.Build.0 = Release|Any CPU
		{99D9901F-20C8-49A3-A9D6-42BD2BB4FFC5}.Release|x86.ActiveCfg = Release|Any CPU
		{99D9901F-20C8-49A3-A9D6-42BD2BB4FFC5}.Release|x86.Build.0 = Release|Any CPU
		{3C0D5277-502A-473B-B3C8-498C13721E2D}.Debug|Any CPU.ActiveCfg = Debug|Any CPU
		{3C0D5277-502A-473B-B3C8-498C13721E2D}.Debug|Any CPU.Build.0 = Debug|Any CPU
		{3C0D5277-502A-473B-B3C8-498C13721E2D}.Debug|x64.ActiveCfg = Debug|Any CPU
		{3C0D5277-502A-473B-B3C8-498C13721E2D}.Debug|x64.Build.0 = Debug|Any CPU
		{3C0D5277-502A-473B-B3C8-498C13721E2D}.Debug|x86.ActiveCfg = Debug|Any CPU
		{3C0D5277-502A-473B-B3C8-498C13721E2D}.Debug|x86.Build.0 = Debug|Any CPU
		{3C0D5277-502A-473B-B3C8-498C13721E2D}.Release|Any CPU.ActiveCfg = Release|Any CPU
		{3C0D5277-502A-473B-B3C8-498C13721E2D}.Release|Any CPU.Build.0 = Release|Any CPU
		{3C0D5277-502A-473B-B3C8-498C13721E2D}.Release|x64.ActiveCfg = Release|Any CPU
		{3C0D5277-502A-473B-B3C8-498C13721E2D}.Release|x64.Build.0 = Release|Any CPU
		{3C0D5277-502A-473B-B3C8-498C13721E2D}.Release|x86.ActiveCfg = Release|Any CPU
		{3C0D5277-502A-473B-B3C8-498C13721E2D}.Release|x86.Build.0 = Release|Any CPU
		{43EF203C-41AC-4DEB-A003-F5D0E32378B1}.Debug|Any CPU.ActiveCfg = Debug|Any CPU
		{43EF203C-41AC-4DEB-A003-F5D0E32378B1}.Debug|Any CPU.Build.0 = Debug|Any CPU
		{43EF203C-41AC-4DEB-A003-F5D0E32378B1}.Debug|x64.ActiveCfg = Debug|Any CPU
		{43EF203C-41AC-4DEB-A003-F5D0E32378B1}.Debug|x64.Build.0 = Debug|Any CPU
		{43EF203C-41AC-4DEB-A003-F5D0E32378B1}.Debug|x86.ActiveCfg = Debug|Any CPU
		{43EF203C-41AC-4DEB-A003-F5D0E32378B1}.Debug|x86.Build.0 = Debug|Any CPU
		{43EF203C-41AC-4DEB-A003-F5D0E32378B1}.Release|Any CPU.ActiveCfg = Release|Any CPU
		{43EF203C-41AC-4DEB-A003-F5D0E32378B1}.Release|Any CPU.Build.0 = Release|Any CPU
		{43EF203C-41AC-4DEB-A003-F5D0E32378B1}.Release|x64.ActiveCfg = Release|Any CPU
		{43EF203C-41AC-4DEB-A003-F5D0E32378B1}.Release|x64.Build.0 = Release|Any CPU
		{43EF203C-41AC-4DEB-A003-F5D0E32378B1}.Release|x86.ActiveCfg = Release|Any CPU
		{43EF203C-41AC-4DEB-A003-F5D0E32378B1}.Release|x86.Build.0 = Release|Any CPU
		{1E8DEE01-AEED-457C-9556-1A653DC4126E}.Debug|Any CPU.ActiveCfg = Debug|Any CPU
		{1E8DEE01-AEED-457C-9556-1A653DC4126E}.Debug|Any CPU.Build.0 = Debug|Any CPU
		{1E8DEE01-AEED-457C-9556-1A653DC4126E}.Debug|x64.ActiveCfg = Debug|Any CPU
		{1E8DEE01-AEED-457C-9556-1A653DC4126E}.Debug|x64.Build.0 = Debug|Any CPU
		{1E8DEE01-AEED-457C-9556-1A653DC4126E}.Debug|x86.ActiveCfg = Debug|Any CPU
		{1E8DEE01-AEED-457C-9556-1A653DC4126E}.Debug|x86.Build.0 = Debug|Any CPU
		{1E8DEE01-AEED-457C-9556-1A653DC4126E}.Release|Any CPU.ActiveCfg = Release|Any CPU
		{1E8DEE01-AEED-457C-9556-1A653DC4126E}.Release|Any CPU.Build.0 = Release|Any CPU
		{1E8DEE01-AEED-457C-9556-1A653DC4126E}.Release|x64.ActiveCfg = Release|Any CPU
		{1E8DEE01-AEED-457C-9556-1A653DC4126E}.Release|x64.Build.0 = Release|Any CPU
		{1E8DEE01-AEED-457C-9556-1A653DC4126E}.Release|x86.ActiveCfg = Release|Any CPU
		{1E8DEE01-AEED-457C-9556-1A653DC4126E}.Release|x86.Build.0 = Release|Any CPU
		{AFA88618-CA86-44CE-9EDC-DDCABFCC27D4}.Debug|Any CPU.ActiveCfg = Debug|Any CPU
		{AFA88618-CA86-44CE-9EDC-DDCABFCC27D4}.Debug|Any CPU.Build.0 = Debug|Any CPU
		{AFA88618-CA86-44CE-9EDC-DDCABFCC27D4}.Debug|x64.ActiveCfg = Debug|Any CPU
		{AFA88618-CA86-44CE-9EDC-DDCABFCC27D4}.Debug|x64.Build.0 = Debug|Any CPU
		{AFA88618-CA86-44CE-9EDC-DDCABFCC27D4}.Debug|x86.ActiveCfg = Debug|Any CPU
		{AFA88618-CA86-44CE-9EDC-DDCABFCC27D4}.Debug|x86.Build.0 = Debug|Any CPU
		{AFA88618-CA86-44CE-9EDC-DDCABFCC27D4}.Release|Any CPU.ActiveCfg = Release|Any CPU
		{AFA88618-CA86-44CE-9EDC-DDCABFCC27D4}.Release|Any CPU.Build.0 = Release|Any CPU
		{AFA88618-CA86-44CE-9EDC-DDCABFCC27D4}.Release|x64.ActiveCfg = Release|Any CPU
		{AFA88618-CA86-44CE-9EDC-DDCABFCC27D4}.Release|x64.Build.0 = Release|Any CPU
		{AFA88618-CA86-44CE-9EDC-DDCABFCC27D4}.Release|x86.ActiveCfg = Release|Any CPU
		{AFA88618-CA86-44CE-9EDC-DDCABFCC27D4}.Release|x86.Build.0 = Release|Any CPU
		{8F2E2929-4E65-4A0A-B8ED-58A7229F5536}.Debug|Any CPU.ActiveCfg = Debug|Any CPU
		{8F2E2929-4E65-4A0A-B8ED-58A7229F5536}.Debug|Any CPU.Build.0 = Debug|Any CPU
		{8F2E2929-4E65-4A0A-B8ED-58A7229F5536}.Debug|x64.ActiveCfg = Debug|Any CPU
		{8F2E2929-4E65-4A0A-B8ED-58A7229F5536}.Debug|x64.Build.0 = Debug|Any CPU
		{8F2E2929-4E65-4A0A-B8ED-58A7229F5536}.Debug|x86.ActiveCfg = Debug|Any CPU
		{8F2E2929-4E65-4A0A-B8ED-58A7229F5536}.Debug|x86.Build.0 = Debug|Any CPU
		{8F2E2929-4E65-4A0A-B8ED-58A7229F5536}.Release|Any CPU.ActiveCfg = Release|Any CPU
		{8F2E2929-4E65-4A0A-B8ED-58A7229F5536}.Release|Any CPU.Build.0 = Release|Any CPU
		{8F2E2929-4E65-4A0A-B8ED-58A7229F5536}.Release|x64.ActiveCfg = Release|Any CPU
		{8F2E2929-4E65-4A0A-B8ED-58A7229F5536}.Release|x64.Build.0 = Release|Any CPU
		{8F2E2929-4E65-4A0A-B8ED-58A7229F5536}.Release|x86.ActiveCfg = Release|Any CPU
		{8F2E2929-4E65-4A0A-B8ED-58A7229F5536}.Release|x86.Build.0 = Release|Any CPU
		{2CA0E00D-A925-496D-9683-C08D8073FFF9}.Debug|Any CPU.ActiveCfg = Debug|Any CPU
		{2CA0E00D-A925-496D-9683-C08D8073FFF9}.Debug|Any CPU.Build.0 = Debug|Any CPU
		{2CA0E00D-A925-496D-9683-C08D8073FFF9}.Debug|x64.ActiveCfg = Debug|Any CPU
		{2CA0E00D-A925-496D-9683-C08D8073FFF9}.Debug|x64.Build.0 = Debug|Any CPU
		{2CA0E00D-A925-496D-9683-C08D8073FFF9}.Debug|x86.ActiveCfg = Debug|Any CPU
		{2CA0E00D-A925-496D-9683-C08D8073FFF9}.Debug|x86.Build.0 = Debug|Any CPU
		{2CA0E00D-A925-496D-9683-C08D8073FFF9}.Release|Any CPU.ActiveCfg = Release|Any CPU
		{2CA0E00D-A925-496D-9683-C08D8073FFF9}.Release|Any CPU.Build.0 = Release|Any CPU
		{2CA0E00D-A925-496D-9683-C08D8073FFF9}.Release|x64.ActiveCfg = Release|Any CPU
		{2CA0E00D-A925-496D-9683-C08D8073FFF9}.Release|x64.Build.0 = Release|Any CPU
		{2CA0E00D-A925-496D-9683-C08D8073FFF9}.Release|x86.ActiveCfg = Release|Any CPU
		{2CA0E00D-A925-496D-9683-C08D8073FFF9}.Release|x86.Build.0 = Release|Any CPU
		{DB995D58-F81A-48FF-A28B-C02F903768BA}.Debug|Any CPU.ActiveCfg = Debug|Any CPU
		{DB995D58-F81A-48FF-A28B-C02F903768BA}.Debug|Any CPU.Build.0 = Debug|Any CPU
		{DB995D58-F81A-48FF-A28B-C02F903768BA}.Debug|x64.ActiveCfg = Debug|Any CPU
		{DB995D58-F81A-48FF-A28B-C02F903768BA}.Debug|x64.Build.0 = Debug|Any CPU
		{DB995D58-F81A-48FF-A28B-C02F903768BA}.Debug|x86.ActiveCfg = Debug|Any CPU
		{DB995D58-F81A-48FF-A28B-C02F903768BA}.Debug|x86.Build.0 = Debug|Any CPU
		{DB995D58-F81A-48FF-A28B-C02F903768BA}.Release|Any CPU.ActiveCfg = Release|Any CPU
		{DB995D58-F81A-48FF-A28B-C02F903768BA}.Release|Any CPU.Build.0 = Release|Any CPU
		{DB995D58-F81A-48FF-A28B-C02F903768BA}.Release|x64.ActiveCfg = Release|Any CPU
		{DB995D58-F81A-48FF-A28B-C02F903768BA}.Release|x64.Build.0 = Release|Any CPU
		{DB995D58-F81A-48FF-A28B-C02F903768BA}.Release|x86.ActiveCfg = Release|Any CPU
		{DB995D58-F81A-48FF-A28B-C02F903768BA}.Release|x86.Build.0 = Release|Any CPU
		{75DE254C-2B44-4E31-9B9F-6C3DD8F5A3F0}.Debug|Any CPU.ActiveCfg = Debug|Any CPU
		{75DE254C-2B44-4E31-9B9F-6C3DD8F5A3F0}.Debug|Any CPU.Build.0 = Debug|Any CPU
		{75DE254C-2B44-4E31-9B9F-6C3DD8F5A3F0}.Debug|x64.ActiveCfg = Debug|Any CPU
		{75DE254C-2B44-4E31-9B9F-6C3DD8F5A3F0}.Debug|x64.Build.0 = Debug|Any CPU
		{75DE254C-2B44-4E31-9B9F-6C3DD8F5A3F0}.Debug|x86.ActiveCfg = Debug|Any CPU
		{75DE254C-2B44-4E31-9B9F-6C3DD8F5A3F0}.Debug|x86.Build.0 = Debug|Any CPU
		{75DE254C-2B44-4E31-9B9F-6C3DD8F5A3F0}.Release|Any CPU.ActiveCfg = Release|Any CPU
		{75DE254C-2B44-4E31-9B9F-6C3DD8F5A3F0}.Release|Any CPU.Build.0 = Release|Any CPU
		{75DE254C-2B44-4E31-9B9F-6C3DD8F5A3F0}.Release|x64.ActiveCfg = Release|Any CPU
		{75DE254C-2B44-4E31-9B9F-6C3DD8F5A3F0}.Release|x64.Build.0 = Release|Any CPU
		{75DE254C-2B44-4E31-9B9F-6C3DD8F5A3F0}.Release|x86.ActiveCfg = Release|Any CPU
		{75DE254C-2B44-4E31-9B9F-6C3DD8F5A3F0}.Release|x86.Build.0 = Release|Any CPU
		{C11DE628-19A2-4614-AF64-0057A2047B10}.Debug|Any CPU.ActiveCfg = Debug|Any CPU
		{C11DE628-19A2-4614-AF64-0057A2047B10}.Debug|Any CPU.Build.0 = Debug|Any CPU
		{C11DE628-19A2-4614-AF64-0057A2047B10}.Debug|x64.ActiveCfg = Debug|Any CPU
		{C11DE628-19A2-4614-AF64-0057A2047B10}.Debug|x64.Build.0 = Debug|Any CPU
		{C11DE628-19A2-4614-AF64-0057A2047B10}.Debug|x86.ActiveCfg = Debug|Any CPU
		{C11DE628-19A2-4614-AF64-0057A2047B10}.Debug|x86.Build.0 = Debug|Any CPU
		{C11DE628-19A2-4614-AF64-0057A2047B10}.Release|Any CPU.ActiveCfg = Release|Any CPU
		{C11DE628-19A2-4614-AF64-0057A2047B10}.Release|Any CPU.Build.0 = Release|Any CPU
		{C11DE628-19A2-4614-AF64-0057A2047B10}.Release|x64.ActiveCfg = Release|Any CPU
		{C11DE628-19A2-4614-AF64-0057A2047B10}.Release|x64.Build.0 = Release|Any CPU
		{C11DE628-19A2-4614-AF64-0057A2047B10}.Release|x86.ActiveCfg = Release|Any CPU
		{C11DE628-19A2-4614-AF64-0057A2047B10}.Release|x86.Build.0 = Release|Any CPU
		{BF17D4E2-E9EB-4C06-80F8-84FF9C8C26E4}.Debug|Any CPU.ActiveCfg = Debug|Any CPU
		{BF17D4E2-E9EB-4C06-80F8-84FF9C8C26E4}.Debug|Any CPU.Build.0 = Debug|Any CPU
		{BF17D4E2-E9EB-4C06-80F8-84FF9C8C26E4}.Debug|x64.ActiveCfg = Debug|Any CPU
		{BF17D4E2-E9EB-4C06-80F8-84FF9C8C26E4}.Debug|x64.Build.0 = Debug|Any CPU
		{BF17D4E2-E9EB-4C06-80F8-84FF9C8C26E4}.Debug|x86.ActiveCfg = Debug|Any CPU
		{BF17D4E2-E9EB-4C06-80F8-84FF9C8C26E4}.Debug|x86.Build.0 = Debug|Any CPU
		{BF17D4E2-E9EB-4C06-80F8-84FF9C8C26E4}.Release|Any CPU.ActiveCfg = Release|Any CPU
		{BF17D4E2-E9EB-4C06-80F8-84FF9C8C26E4}.Release|Any CPU.Build.0 = Release|Any CPU
		{BF17D4E2-E9EB-4C06-80F8-84FF9C8C26E4}.Release|x64.ActiveCfg = Release|Any CPU
		{BF17D4E2-E9EB-4C06-80F8-84FF9C8C26E4}.Release|x64.Build.0 = Release|Any CPU
		{BF17D4E2-E9EB-4C06-80F8-84FF9C8C26E4}.Release|x86.ActiveCfg = Release|Any CPU
		{BF17D4E2-E9EB-4C06-80F8-84FF9C8C26E4}.Release|x86.Build.0 = Release|Any CPU
		{7BC91500-683F-4DA9-BE99-2CE172F30473}.Debug|Any CPU.ActiveCfg = Debug|Any CPU
		{7BC91500-683F-4DA9-BE99-2CE172F30473}.Debug|Any CPU.Build.0 = Debug|Any CPU
		{7BC91500-683F-4DA9-BE99-2CE172F30473}.Debug|x64.ActiveCfg = Debug|Any CPU
		{7BC91500-683F-4DA9-BE99-2CE172F30473}.Debug|x64.Build.0 = Debug|Any CPU
		{7BC91500-683F-4DA9-BE99-2CE172F30473}.Debug|x86.ActiveCfg = Debug|Any CPU
		{7BC91500-683F-4DA9-BE99-2CE172F30473}.Debug|x86.Build.0 = Debug|Any CPU
		{7BC91500-683F-4DA9-BE99-2CE172F30473}.Release|Any CPU.ActiveCfg = Release|Any CPU
		{7BC91500-683F-4DA9-BE99-2CE172F30473}.Release|Any CPU.Build.0 = Release|Any CPU
		{7BC91500-683F-4DA9-BE99-2CE172F30473}.Release|x64.ActiveCfg = Release|Any CPU
		{7BC91500-683F-4DA9-BE99-2CE172F30473}.Release|x64.Build.0 = Release|Any CPU
		{7BC91500-683F-4DA9-BE99-2CE172F30473}.Release|x86.ActiveCfg = Release|Any CPU
		{7BC91500-683F-4DA9-BE99-2CE172F30473}.Release|x86.Build.0 = Release|Any CPU
		{3634E1F1-D45B-459B-B1AA-6297CBC7C9DE}.Debug|Any CPU.ActiveCfg = Debug|Any CPU
		{3634E1F1-D45B-459B-B1AA-6297CBC7C9DE}.Debug|Any CPU.Build.0 = Debug|Any CPU
		{3634E1F1-D45B-459B-B1AA-6297CBC7C9DE}.Debug|x64.ActiveCfg = Debug|Any CPU
		{3634E1F1-D45B-459B-B1AA-6297CBC7C9DE}.Debug|x64.Build.0 = Debug|Any CPU
		{3634E1F1-D45B-459B-B1AA-6297CBC7C9DE}.Debug|x86.ActiveCfg = Debug|Any CPU
		{3634E1F1-D45B-459B-B1AA-6297CBC7C9DE}.Debug|x86.Build.0 = Debug|Any CPU
		{3634E1F1-D45B-459B-B1AA-6297CBC7C9DE}.Release|Any CPU.ActiveCfg = Release|Any CPU
		{3634E1F1-D45B-459B-B1AA-6297CBC7C9DE}.Release|Any CPU.Build.0 = Release|Any CPU
		{3634E1F1-D45B-459B-B1AA-6297CBC7C9DE}.Release|x64.ActiveCfg = Release|Any CPU
		{3634E1F1-D45B-459B-B1AA-6297CBC7C9DE}.Release|x64.Build.0 = Release|Any CPU
		{3634E1F1-D45B-459B-B1AA-6297CBC7C9DE}.Release|x86.ActiveCfg = Release|Any CPU
		{3634E1F1-D45B-459B-B1AA-6297CBC7C9DE}.Release|x86.Build.0 = Release|Any CPU
	EndGlobalSection
	GlobalSection(SolutionProperties) = preSolution
		HideSolutionNode = FALSE
	EndGlobalSection
	GlobalSection(NestedProjects) = preSolution
		{8D626EA8-CB54-BC41-363A-217881BEBA6E} = {827E0CD3-B72D-47B6-A68D-7590B98EB39B}
		{7A961BEF-49A4-4907-A536-A4D01926CDB8} = {8D626EA8-CB54-BC41-363A-217881BEBA6E}
		{FFBE31B8-50B9-B415-22BC-2F92C97CADA3} = {827E0CD3-B72D-47B6-A68D-7590B98EB39B}
		{66F10EEC-D02F-46FD-8441-272AE7B4BC12} = {FFBE31B8-50B9-B415-22BC-2F92C97CADA3}
		{C5DCBE9A-72BD-4288-BA8D-B35E66EB8EFA} = {FFBE31B8-50B9-B415-22BC-2F92C97CADA3}
		{82099983-647E-F067-E69A-CD800643A918} = {827E0CD3-B72D-47B6-A68D-7590B98EB39B}
		{EB99B5A8-1713-4093-B8DB-980BEC1090BE} = {82099983-647E-F067-E69A-CD800643A918}
		{723796C5-B8A9-4315-A86C-803378318A21} = {82099983-647E-F067-E69A-CD800643A918}
		{8C040123-E92F-46CE-A24F-673A72484362} = {82099983-647E-F067-E69A-CD800643A918}
		{99D9901F-20C8-49A3-A9D6-42BD2BB4FFC5} = {82099983-647E-F067-E69A-CD800643A918}
		{F489E2D5-C65D-9AA9-2B96-C7DF79630172} = {827E0CD3-B72D-47B6-A68D-7590B98EB39B}
		{3C0D5277-502A-473B-B3C8-498C13721E2D} = {F489E2D5-C65D-9AA9-2B96-C7DF79630172}
		{43EF203C-41AC-4DEB-A003-F5D0E32378B1} = {F489E2D5-C65D-9AA9-2B96-C7DF79630172}
		{51B637F8-9C04-5803-F48E-8CB9352021B0} = {827E0CD3-B72D-47B6-A68D-7590B98EB39B}
		{1E8DEE01-AEED-457C-9556-1A653DC4126E} = {51B637F8-9C04-5803-F48E-8CB9352021B0}
		{AFA88618-CA86-44CE-9EDC-DDCABFCC27D4} = {51B637F8-9C04-5803-F48E-8CB9352021B0}
		{5C35D9BE-388A-8745-CD5F-BB8E361A8720} = {0AB3BF05-4346-4AA6-1389-037BE0695223}
		{8F2E2929-4E65-4A0A-B8ED-58A7229F5536} = {5C35D9BE-388A-8745-CD5F-BB8E361A8720}
		{EDF2BF46-81E2-A5E6-BE76-B883454BFB8E} = {0AB3BF05-4346-4AA6-1389-037BE0695223}
		{2CA0E00D-A925-496D-9683-C08D8073FFF9} = {EDF2BF46-81E2-A5E6-BE76-B883454BFB8E}
		{DB995D58-F81A-48FF-A28B-C02F903768BA} = {EDF2BF46-81E2-A5E6-BE76-B883454BFB8E}
		{2A5903AA-195D-83FB-6F94-018C32AA5AC8} = {0AB3BF05-4346-4AA6-1389-037BE0695223}
		{75DE254C-2B44-4E31-9B9F-6C3DD8F5A3F0} = {2A5903AA-195D-83FB-6F94-018C32AA5AC8}
		{3074E563-20D1-8CCA-24EE-526153D49D6A} = {0AB3BF05-4346-4AA6-1389-037BE0695223}
		{C11DE628-19A2-4614-AF64-0057A2047B10} = {3074E563-20D1-8CCA-24EE-526153D49D6A}
		{BF17D4E2-E9EB-4C06-80F8-84FF9C8C26E4} = {3074E563-20D1-8CCA-24EE-526153D49D6A}
		{7BC91500-683F-4DA9-BE99-2CE172F30473} = {3074E563-20D1-8CCA-24EE-526153D49D6A}
		{3634E1F1-D45B-459B-B1AA-6297CBC7C9DE} = {3074E563-20D1-8CCA-24EE-526153D49D6A}
	EndGlobalSection
EndGlobal
